{
  "version": 4,
  "terraform_version": "1.13.1",
  "serial": 387,
  "lineage": "84f015ae-8944-be2f-e07f-ec5c9150573f",
  "outputs": {
    "avatars_bucket": {
      "value": "inferno-user-service-dev-avatars-671037",
      "type": "string"
    },
    "card_request_queue_url": {
      "value": "https://sqs.us-west-1.amazonaws.com/149078755102/create-request-card-sqs",
      "type": "string"
    },
    "get_lambda_arn": {
      "value": "arn:aws:lambda:us-west-1:149078755102:function:inferno-user-service-dev-get-profile",
      "type": "string"
    },
    "login_lambda_arn": {
      "value": "arn:aws:lambda:us-west-1:149078755102:function:inferno-user-service-dev-login-user",
      "type": "string"
    },
    "password_secret_arn": {
      "value": "arn:aws:secretsmanager:us-west-1:149078755102:secret:inferno-user-service-dev-password-secret-v7-2CrqK0",
      "type": "string"
    },
    "register_lambda_arn": {
      "value": "arn:aws:lambda:us-west-1:149078755102:function:inferno-user-service-dev-register-user",
      "type": "string"
    },
    "update_lambda_arn": {
      "value": "arn:aws:lambda:us-west-1:149078755102:function:inferno-user-service-dev-update-profile",
      "type": "string"
    },
    "upload_lambda_arn": {
      "value": "arn:aws:lambda:us-west-1:149078755102:function:inferno-user-service-dev-upload-avatar",
      "type": "string"
    },
    "user_table_name": {
      "value": "inferno-user-service-dev-user-table",
      "type": "string"
    }
  },
  "resources": [
    {
      "mode": "data",
      "type": "archive_file",
      "name": "get_profile",
      "provider": "provider[\"registry.terraform.io/hashicorp/archive\"]",
      "instances": [
        {
          "schema_version": 0,
          "attributes": {
            "exclude_symlink_directories": null,
            "excludes": null,
            "id": "723051b48c23262ee02cb6733f806c2c14b217d3",
            "output_base64sha256": "vCnGN46jb4pyUGymk2Ur7rH4CI+onIixPCj7OSPucL8=",
            "output_base64sha512": "XjFr3XfULN8EAOndPSYOlGCgjQxPeB/8h4u/QAxG2LNYcjKdc3KRNMpcqraRX3U6UQTlfKDW2B48bvCmm4f4Xw==",
            "output_file_mode": null,
            "output_md5": "01d5eb40555c2e77436c18d500545d5f",
            "output_path": "./artifacts/getProfile.zip",
            "output_sha": "723051b48c23262ee02cb6733f806c2c14b217d3",
            "output_sha256": "bc29c6378ea36f8a72506ca693652beeb1f8088fa89c88b13c28fb3923ee70bf",
            "output_sha512": "5e316bdd77d42cdf0400e9dd3d260e9460a08d0c4f781ffc878bbf400c46d8b35872329d73729134ca5caab6915f753a5104e57ca0d6d81e3c6ef0a69b87f85f",
            "output_size": 312524,
            "source": [],
            "source_content": null,
            "source_content_filename": null,
            "source_dir": null,
            "source_file": "./../dist/getProfile.js",
            "type": "zip"
          },
          "sensitive_attributes": [],
          "identity_schema_version": 0
        }
      ]
    },
    {
      "mode": "data",
      "type": "archive_file",
      "name": "login",
      "provider": "provider[\"registry.terraform.io/hashicorp/archive\"]",
      "instances": [
        {
          "schema_version": 0,
          "attributes": {
            "exclude_symlink_directories": null,
            "excludes": null,
            "id": "ba95f345c869ba7e6c8b9c69043d892227a0d461",
            "output_base64sha256": "X17jOxW5jQFvDJWxhQ/rAuk3+N1n2mC+N8zj3vrarVQ=",
            "output_base64sha512": "uU2/YfDCBu6MNB8/FvhEXY+jMgzMNWJVcRuvGhtvmkZGo/hiY04W5/5EqMYqAqBIOLbhQVl2u/hma/vLXS6Vdg==",
            "output_file_mode": null,
            "output_md5": "8812e98068fe37a6a78af5c7ffdb77e3",
            "output_path": "./artifacts/login.zip",
            "output_sha": "ba95f345c869ba7e6c8b9c69043d892227a0d461",
            "output_sha256": "5f5ee33b15b98d016f0c95b1850feb02e937f8dd67da60be37cce3defadaad54",
            "output_sha512": "b94dbf61f0c206ee8c341f3f16f8445d8fa3320ccc356255711baf1a1b6f9a4646a3f862634e16e7fe44a8c62a02a04838b6e1415976bbf8666bfbcb5d2e9576",
            "output_size": 481060,
            "source": [],
            "source_content": null,
            "source_content_filename": null,
            "source_dir": null,
            "source_file": "./../dist/login.js",
            "type": "zip"
          },
          "sensitive_attributes": [],
          "identity_schema_version": 0
        }
      ]
    },
    {
      "mode": "data",
      "type": "archive_file",
      "name": "register",
      "provider": "provider[\"registry.terraform.io/hashicorp/archive\"]",
      "instances": [
        {
          "schema_version": 0,
          "attributes": {
            "exclude_symlink_directories": null,
            "excludes": null,
            "id": "27bc546fd8af21a38d91596c6578d2496b757b5c",
            "output_base64sha256": "lgiFWRuQRND8ie/hEoahhCHqoCHWrooLhc2c/fUep5A=",
            "output_base64sha512": "tTy3jiV7N7QphYybYf4BSNTpWiGpRqD0quoTXiQEttJC/6xLMDEqrr/ypwh8vq/Mlj1gzHeBN+5lQAC0eefo8g==",
            "output_file_mode": null,
            "output_md5": "31de6c77afa2414a29f48b667a51acc7",
            "output_path": "./artifacts/register.zip",
            "output_sha": "27bc546fd8af21a38d91596c6578d2496b757b5c",
            "output_sha256": "960885591b9044d0fc89efe11286a18421eaa021d6ae8a0b85cd9cfdf51ea790",
            "output_sha512": "b53cb78e257b37b429858c9b61fe0148d4e95a21a946a0f4aaea135e2404b6d242ffac4b30312aaebff2a7087cbeafcc963d60cc778137ee654000b479e7e8f2",
            "output_size": 457375,
            "source": [],
            "source_content": null,
            "source_content_filename": null,
            "source_dir": null,
            "source_file": "./../dist/register.js",
            "type": "zip"
          },
          "sensitive_attributes": [],
          "identity_schema_version": 0
        }
      ]
    },
    {
      "mode": "data",
      "type": "archive_file",
      "name": "updateProfile",
      "provider": "provider[\"registry.terraform.io/hashicorp/archive\"]",
      "instances": [
        {
          "schema_version": 0,
          "attributes": {
            "exclude_symlink_directories": null,
            "excludes": null,
            "id": "9ca9ef04d927bee5c85929f2cc76220dfa612844",
            "output_base64sha256": "OvEQOIngKenuT4LJg0K0vohFQOZU3Q0z0ZyPT7UsQNo=",
            "output_base64sha512": "KGXquCNrUGis19jd4jhMwtWFVQOtH3GZKibQf1WR3rIz5+2/zni4HtWVN/5eRPu3OxTUYe+c6WA3prRRjdv6hw==",
            "output_file_mode": null,
            "output_md5": "5e6672d68bba8c27b37fd920d4c2c4ff",
            "output_path": "./artifacts/updateProfile.zip",
            "output_sha": "9ca9ef04d927bee5c85929f2cc76220dfa612844",
            "output_sha256": "3af1103889e029e9ee4f82c98342b4be884540e654dd0d33d19c8f4fb52c40da",
            "output_sha512": "2865eab8236b5068acd7d8dde2384cc2d5855503ad1f71992a26d07f5591deb233e7edbfce78b81ed59537fe5e44fbb73b14d461ef9ce96037a6b4518ddbfa87",
            "output_size": 445789,
            "source": [],
            "source_content": null,
            "source_content_filename": null,
            "source_dir": null,
            "source_file": "./../dist/updateProfile.js",
            "type": "zip"
          },
          "sensitive_attributes": [],
          "identity_schema_version": 0
        }
      ]
    },
    {
      "mode": "data",
      "type": "archive_file",
      "name": "upload_avatar",
      "provider": "provider[\"registry.terraform.io/hashicorp/archive\"]",
      "instances": [
        {
          "schema_version": 0,
          "attributes": {
            "exclude_symlink_directories": null,
            "excludes": null,
            "id": "0aad7823d080abca45713fc51c7f3c5b91bf84e0",
            "output_base64sha256": "i7GkaFArEZQiQHcGKlwgR7CmBB/nYzlS76klR2bHkjo=",
            "output_base64sha512": "S91m3gbyP0+orpiGnY07XOnTgkXAP0sw1Ec7L/h+xq/WTnU6Pm4xOyBXyr63MhSySIpzE8vgl4hRIvrnlXPa/A==",
            "output_file_mode": null,
            "output_md5": "1cfda5339721815a82b2922e659701ef",
            "output_path": "./artifacts/uploadAvatar.zip",
            "output_sha": "0aad7823d080abca45713fc51c7f3c5b91bf84e0",
            "output_sha256": "8bb1a468502b1194224077062a5c2047b0a6041fe7633952efa9254766c7923a",
            "output_sha512": "4bdd66de06f23f4fa8ae98869d8d3b5ce9d38245c03f4b30d4473b2ff87ec6afd64e753a3e6e313b2057cabeb73214b2488a7313cbe097885122fae79573dafc",
            "output_size": 377559,
            "source": [],
            "source_content": null,
            "source_content_filename": null,
            "source_dir": null,
            "source_file": "./../dist/uploadAvatar.js",
            "type": "zip"
          },
          "sensitive_attributes": [],
          "identity_schema_version": 0
        }
      ]
    },
    {
      "mode": "data",
      "type": "aws_kms_alias",
      "name": "lambda_managed_alias",
      "provider": "provider[\"registry.terraform.io/hashicorp/aws\"]",
      "instances": [
        {
          "schema_version": 0,
          "attributes": {
            "arn": "arn:aws:kms:us-west-1:149078755102:alias/aws/lambda",
            "id": "arn:aws:kms:us-west-1:149078755102:alias/aws/lambda",
            "name": "alias/aws/lambda",
            "target_key_arn": "arn:aws:kms:us-west-1:149078755102:key/b34ad03b-6791-4848-b5d9-5c89afb09b4e",
            "target_key_id": "b34ad03b-6791-4848-b5d9-5c89afb09b4e"
          },
          "sensitive_attributes": [],
          "identity_schema_version": 0
        }
      ]
    },
    {
      "mode": "data",
      "type": "aws_kms_key",
      "name": "lambda_managed_key",
      "provider": "provider[\"registry.terraform.io/hashicorp/aws\"]",
      "instances": [
        {
          "schema_version": 0,
          "attributes": {
            "arn": "arn:aws:kms:us-west-1:149078755102:key/b34ad03b-6791-4848-b5d9-5c89afb09b4e",
            "aws_account_id": "149078755102",
            "cloud_hsm_cluster_id": "",
            "creation_date": "2025-05-26T01:30:18Z",
            "custom_key_store_id": "",
            "customer_master_key_spec": "SYMMETRIC_DEFAULT",
            "deletion_date": null,
            "description": "Default key that protects my Lambda functions when no other key is defined",
            "enabled": true,
            "expiration_model": "",
            "grant_tokens": null,
            "id": "b34ad03b-6791-4848-b5d9-5c89afb09b4e",
            "key_id": "b34ad03b-6791-4848-b5d9-5c89afb09b4e",
            "key_manager": "AWS",
            "key_spec": "SYMMETRIC_DEFAULT",
            "key_state": "Enabled",
            "key_usage": "ENCRYPT_DECRYPT",
            "multi_region": false,
            "multi_region_configuration": [],
            "origin": "AWS_KMS",
            "pending_deletion_window_in_days": 0,
            "valid_to": null,
            "xks_key_configuration": []
          },
          "sensitive_attributes": [],
          "identity_schema_version": 0
        }
      ]
    },
    {
      "mode": "data",
      "type": "aws_sqs_queue",
      "name": "create-request-card-sqs",
      "provider": "provider[\"registry.terraform.io/hashicorp/aws\"]",
      "instances": [
        {
          "schema_version": 0,
          "attributes": {
            "arn": "arn:aws:sqs:us-west-1:149078755102:create-request-card-sqs",
            "id": "https://sqs.us-west-1.amazonaws.com/149078755102/create-request-card-sqs",
            "name": "create-request-card-sqs",
            "tags": {},
            "url": "https://sqs.us-west-1.amazonaws.com/149078755102/create-request-card-sqs"
          },
          "sensitive_attributes": [],
          "identity_schema_version": 0
        }
      ]
    },
    {
      "mode": "data",
      "type": "aws_sqs_queue",
      "name": "notification-email-sqs",
      "provider": "provider[\"registry.terraform.io/hashicorp/aws\"]",
      "instances": [
        {
          "schema_version": 0,
          "attributes": {
            "arn": "arn:aws:sqs:us-west-1:149078755102:notification-email-sqs",
            "id": "https://sqs.us-west-1.amazonaws.com/149078755102/notification-email-sqs",
            "name": "notification-email-sqs",
            "tags": {
              "Environment": "dev",
              "Name": "notification-email-sqs",
              "Service": "notification"
            },
            "url": "https://sqs.us-west-1.amazonaws.com/149078755102/notification-email-sqs"
          },
          "sensitive_attributes": [],
          "identity_schema_version": 0
        }
      ]
    },
    {
      "mode": "managed",
      "type": "aws_dynamodb_table",
      "name": "user_table",
      "provider": "provider[\"registry.terraform.io/hashicorp/aws\"]",
      "instances": [
        {
          "schema_version": 1,
          "attributes": {
            "arn": "arn:aws:dynamodb:us-west-1:149078755102:table/inferno-user-service-dev-user-table",
            "attribute": [
              {
                "name": "document",
                "type": "S"
              },
              {
                "name": "email",
                "type": "S"
              },
              {
                "name": "uuid",
                "type": "S"
              }
            ],
            "billing_mode": "PAY_PER_REQUEST",
            "deletion_protection_enabled": false,
            "global_secondary_index": [
              {
                "hash_key": "document",
                "name": "document-index",
                "non_key_attributes": [],
                "on_demand_throughput": [],
                "projection_type": "ALL",
                "range_key": "",
                "read_capacity": 0,
                "write_capacity": 0
              },
              {
                "hash_key": "email",
                "name": "email-index",
                "non_key_attributes": [],
                "on_demand_throughput": [],
                "projection_type": "ALL",
                "range_key": "",
                "read_capacity": 0,
                "write_capacity": 0
              },
              {
                "hash_key": "uuid",
                "name": "uuid-index",
                "non_key_attributes": [],
                "on_demand_throughput": [],
                "projection_type": "ALL",
                "range_key": "",
                "read_capacity": 0,
                "write_capacity": 0
              }
            ],
            "hash_key": "uuid",
            "id": "inferno-user-service-dev-user-table",
            "import_table": [],
            "local_secondary_index": [],
            "name": "inferno-user-service-dev-user-table",
            "on_demand_throughput": [],
            "point_in_time_recovery": [
              {
                "enabled": false,
                "recovery_period_in_days": 0
              }
            ],
            "range_key": "document",
            "read_capacity": 0,
            "replica": [],
            "restore_date_time": null,
            "restore_source_name": null,
            "restore_source_table_arn": null,
            "restore_to_latest_time": null,
            "server_side_encryption": [],
            "stream_arn": "",
            "stream_enabled": false,
            "stream_label": "",
            "stream_view_type": "",
            "table_class": "STANDARD",
            "tags": {
              "Project": "inferno-user-service",
              "Stage": "dev"
            },
            "tags_all": {
              "Project": "inferno-user-service",
              "Stage": "dev"
            },
            "timeouts": null,
            "ttl": [
              {
                "attribute_name": "",
                "enabled": false
              }
            ],
            "write_capacity": 0
          },
          "sensitive_attributes": [],
          "identity_schema_version": 0,
          "private": "eyJlMmJmYjczMC1lY2FhLTExZTYtOGY4OC0zNDM2M2JjN2M0YzAiOnsiY3JlYXRlIjoxODAwMDAwMDAwMDAwLCJkZWxldGUiOjYwMDAwMDAwMDAwMCwidXBkYXRlIjozNjAwMDAwMDAwMDAwfSwic2NoZW1hX3ZlcnNpb24iOiIxIn0="
        }
      ]
    },
    {
      "mode": "managed",
      "type": "aws_iam_policy",
      "name": "ddb_policy",
      "provider": "provider[\"registry.terraform.io/hashicorp/aws\"]",
      "instances": [
        {
          "schema_version": 0,
          "attributes": {
            "arn": "arn:aws:iam::149078755102:policy/inferno-user-service-dev-ddb-policy",
            "attachment_count": 1,
            "description": "",
            "id": "arn:aws:iam::149078755102:policy/inferno-user-service-dev-ddb-policy",
            "name": "inferno-user-service-dev-ddb-policy",
            "name_prefix": "",
            "path": "/",
            "policy": "{\"Statement\":[{\"Action\":[\"dynamodb:*\"],\"Effect\":\"Allow\",\"Resource\":[\"arn:aws:dynamodb:us-west-1:149078755102:table/inferno-user-service-dev-user-table\",\"arn:aws:dynamodb:us-west-1:149078755102:table/inferno-user-service-dev-user-table/index/*\"]}],\"Version\":\"2012-10-17\"}",
            "policy_id": "ANPASFNOJI4PBBHIM2EXA",
            "tags": {},
            "tags_all": {}
          },
          "sensitive_attributes": [],
          "identity_schema_version": 0,
          "private": "bnVsbA==",
          "dependencies": [
            "aws_dynamodb_table.user_table"
          ]
        }
      ]
    },
    {
      "mode": "managed",
      "type": "aws_iam_policy",
      "name": "s3_policy",
      "provider": "provider[\"registry.terraform.io/hashicorp/aws\"]",
      "instances": [
        {
          "schema_version": 0,
          "attributes": {
            "arn": "arn:aws:iam::149078755102:policy/inferno-user-service-dev-s3-policy",
            "attachment_count": 1,
            "description": "",
            "id": "arn:aws:iam::149078755102:policy/inferno-user-service-dev-s3-policy",
            "name": "inferno-user-service-dev-s3-policy",
            "name_prefix": "",
            "path": "/",
            "policy": "{\"Statement\":[{\"Action\":[\"s3:PutObject\",\"s3:GetObject\",\"s3:DeleteObject\"],\"Effect\":\"Allow\",\"Resource\":[\"arn:aws:s3:::inferno-user-service-dev-avatars-671037/*\"]}],\"Version\":\"2012-10-17\"}",
            "policy_id": "ANPASFNOJI4PGOA5242CB",
            "tags": {},
            "tags_all": {}
          },
          "sensitive_attributes": [],
          "identity_schema_version": 0,
          "private": "bnVsbA==",
          "dependencies": [
            "aws_s3_bucket.avatars",
            "random_id.bucket_suffix"
          ]
        }
      ]
    },
    {
      "mode": "managed",
      "type": "aws_iam_role",
      "name": "lambda_role",
      "provider": "provider[\"registry.terraform.io/hashicorp/aws\"]",
      "instances": [
        {
          "schema_version": 0,
          "attributes": {
            "arn": "arn:aws:iam::149078755102:role/inferno-user-service-dev-lambda-role",
            "assume_role_policy": "{\"Statement\":[{\"Action\":\"sts:AssumeRole\",\"Effect\":\"Allow\",\"Principal\":{\"Service\":\"lambda.amazonaws.com\"}}],\"Version\":\"2012-10-17\"}",
            "create_date": "2025-09-10T04:33:00Z",
            "description": "",
            "force_detach_policies": false,
            "id": "inferno-user-service-dev-lambda-role",
            "inline_policy": [
              {
                "name": "inferno-user-service-dev-lambda-sqs",
                "policy": "{\"Version\":\"2012-10-17\",\"Statement\":[{\"Action\":[\"sqs:SendMessage\"],\"Effect\":\"Allow\",\"Resource\":[\"arn:aws:sqs:us-west-1:149078755102:create-request-card-sqs\",\"arn:aws:sqs:us-west-1:149078755102:notification-email-sqs\"]}]}"
              }
            ],
            "managed_policy_arns": [
              "arn:aws:iam::149078755102:policy/inferno-user-service-dev-ddb-policy",
              "arn:aws:iam::149078755102:policy/inferno-user-service-dev-s3-policy",
              "arn:aws:iam::aws:policy/SecretsManagerReadWrite",
              "arn:aws:iam::aws:policy/service-role/AWSLambdaBasicExecutionRole"
            ],
            "max_session_duration": 3600,
            "name": "inferno-user-service-dev-lambda-role",
            "name_prefix": "",
            "path": "/",
            "permissions_boundary": "",
            "tags": {
              "Project": "inferno-user-service",
              "Stage": "dev"
            },
            "tags_all": {
              "Project": "inferno-user-service",
              "Stage": "dev"
            },
            "unique_id": "AROASFNOJI4PG6BSREPTB"
          },
          "sensitive_attributes": [],
          "identity_schema_version": 0,
          "private": "bnVsbA=="
        }
      ]
    },
    {
      "mode": "managed",
      "type": "aws_iam_role_policy",
      "name": "lambda_sqs_policy",
      "provider": "provider[\"registry.terraform.io/hashicorp/aws\"]",
      "instances": [
        {
          "schema_version": 0,
          "attributes": {
            "id": "inferno-user-service-dev-lambda-role:inferno-user-service-dev-lambda-sqs",
            "name": "inferno-user-service-dev-lambda-sqs",
            "name_prefix": "",
            "policy": "{\"Version\":\"2012-10-17\",\"Statement\":[{\"Action\":[\"sqs:SendMessage\"],\"Effect\":\"Allow\",\"Resource\":[\"arn:aws:sqs:us-west-1:149078755102:create-request-card-sqs\",\"arn:aws:sqs:us-west-1:149078755102:notification-email-sqs\"]}]}",
            "role": "inferno-user-service-dev-lambda-role"
          },
          "sensitive_attributes": [],
          "identity_schema_version": 0,
          "private": "bnVsbA==",
          "dependencies": [
            "aws_iam_role.lambda_role",
            "data.aws_sqs_queue.create-request-card-sqs",
            "data.aws_sqs_queue.notification-email-sqs"
          ]
        }
      ]
    },
    {
      "mode": "managed",
      "type": "aws_iam_role_policy_attachment",
      "name": "ddb_attach",
      "provider": "provider[\"registry.terraform.io/hashicorp/aws\"]",
      "instances": [
        {
          "schema_version": 0,
          "attributes": {
            "id": "inferno-user-service-dev-lambda-role-20250910043325771500000005",
            "policy_arn": "arn:aws:iam::149078755102:policy/inferno-user-service-dev-ddb-policy",
            "role": "inferno-user-service-dev-lambda-role"
          },
          "sensitive_attributes": [],
          "identity_schema_version": 0,
          "private": "bnVsbA==",
          "dependencies": [
            "aws_dynamodb_table.user_table",
            "aws_iam_policy.ddb_policy",
            "aws_iam_role.lambda_role"
          ]
        }
      ]
    },
    {
      "mode": "managed",
      "type": "aws_iam_role_policy_attachment",
      "name": "lambda_logs",
      "provider": "provider[\"registry.terraform.io/hashicorp/aws\"]",
      "instances": [
        {
          "schema_version": 0,
          "attributes": {
            "id": "inferno-user-service-dev-lambda-role-20250910043300855100000003",
            "policy_arn": "arn:aws:iam::aws:policy/service-role/AWSLambdaBasicExecutionRole",
            "role": "inferno-user-service-dev-lambda-role"
          },
          "sensitive_attributes": [],
          "identity_schema_version": 0,
          "private": "bnVsbA==",
          "dependencies": [
            "aws_iam_role.lambda_role"
          ]
        }
      ]
    },
    {
      "mode": "managed",
      "type": "aws_iam_role_policy_attachment",
      "name": "s3_attach",
      "provider": "provider[\"registry.terraform.io/hashicorp/aws\"]",
      "instances": [
        {
          "schema_version": 0,
          "attributes": {
            "id": "inferno-user-service-dev-lambda-role-20250910043305246400000004",
            "policy_arn": "arn:aws:iam::149078755102:policy/inferno-user-service-dev-s3-policy",
            "role": "inferno-user-service-dev-lambda-role"
          },
          "sensitive_attributes": [],
          "identity_schema_version": 0,
          "private": "bnVsbA==",
          "dependencies": [
            "aws_iam_policy.s3_policy",
            "aws_iam_role.lambda_role",
            "aws_s3_bucket.avatars",
            "random_id.bucket_suffix"
          ]
        }
      ]
    },
    {
      "mode": "managed",
      "type": "aws_iam_role_policy_attachment",
      "name": "secrets_attach",
      "provider": "provider[\"registry.terraform.io/hashicorp/aws\"]",
      "instances": [
        {
          "schema_version": 0,
          "attributes": {
            "id": "inferno-user-service-dev-lambda-role-20250910043300742600000002",
            "policy_arn": "arn:aws:iam::aws:policy/SecretsManagerReadWrite",
            "role": "inferno-user-service-dev-lambda-role"
          },
          "sensitive_attributes": [],
          "identity_schema_version": 0,
          "private": "bnVsbA==",
          "dependencies": [
            "aws_iam_role.lambda_role"
          ]
        }
      ]
    },
    {
      "mode": "managed",
      "type": "aws_lambda_function",
      "name": "get_profile",
      "provider": "provider[\"registry.terraform.io/hashicorp/aws\"]",
      "instances": [
        {
          "schema_version": 0,
          "attributes": {
            "architectures": [
              "x86_64"
            ],
            "arn": "arn:aws:lambda:us-west-1:149078755102:function:inferno-user-service-dev-get-profile",
            "code_sha256": "vCnGN46jb4pyUGymk2Ur7rH4CI+onIixPCj7OSPucL8=",
            "code_signing_config_arn": "",
            "dead_letter_config": [],
            "description": "",
            "environment": [
              {
                "variables": {
                  "BCRYPT_SALT_ROUNDS": "12",
                  "BUCKET_NAME": "inferno-user-service-dev-avatars-671037",
                  "CARD_REQUEST_QUEUE_URL": "https://sqs.us-west-1.amazonaws.com/149078755102/create-request-card-sqs",
                  "JWT_EXP_HOURS": "12",
                  "NOTIFICATIONS_QUEUE_URL": "https://sqs.us-west-1.amazonaws.com/149078755102/notification-email-sqs",
                  "SECRET_ID": "arn:aws:secretsmanager:us-west-1:149078755102:secret:inferno-user-service-dev-password-secret-v7-2CrqK0",
                  "TABLE_NAME": "inferno-user-service-dev-user-table"
                }
              }
            ],
            "ephemeral_storage": [
              {
                "size": 512
              }
            ],
            "file_system_config": [],
            "filename": "./artifacts/getProfile.zip",
            "function_name": "inferno-user-service-dev-get-profile",
            "handler": "getProfile.handler",
            "id": "inferno-user-service-dev-get-profile",
            "image_config": [],
            "image_uri": "",
            "invoke_arn": "arn:aws:apigateway:us-west-1:lambda:path/2015-03-31/functions/arn:aws:lambda:us-west-1:149078755102:function:inferno-user-service-dev-get-profile/invocations",
            "kms_key_arn": "arn:aws:kms:us-west-1:149078755102:key/b34ad03b-6791-4848-b5d9-5c89afb09b4e",
            "last_modified": "2025-09-10T14:28:21.000+0000",
            "layers": [],
            "logging_config": [
              {
                "application_log_level": "",
                "log_format": "Text",
                "log_group": "/aws/lambda/inferno-user-service-dev-get-profile",
                "system_log_level": ""
              }
            ],
            "memory_size": 128,
            "package_type": "Zip",
            "publish": false,
            "qualified_arn": "arn:aws:lambda:us-west-1:149078755102:function:inferno-user-service-dev-get-profile:$LATEST",
            "qualified_invoke_arn": "arn:aws:apigateway:us-west-1:lambda:path/2015-03-31/functions/arn:aws:lambda:us-west-1:149078755102:function:inferno-user-service-dev-get-profile:$LATEST/invocations",
            "replace_security_groups_on_destroy": null,
            "replacement_security_group_ids": null,
            "reserved_concurrent_executions": -1,
            "role": "arn:aws:iam::149078755102:role/inferno-user-service-dev-lambda-role",
            "runtime": "nodejs20.x",
            "s3_bucket": null,
            "s3_key": null,
            "s3_object_version": null,
            "signing_job_arn": "",
            "signing_profile_version_arn": "",
            "skip_destroy": false,
            "snap_start": [],
            "source_code_hash": "vCnGN46jb4pyUGymk2Ur7rH4CI+onIixPCj7OSPucL8=",
            "source_code_size": 312524,
            "tags": {
              "Project": "inferno-user-service",
              "Stage": "dev"
            },
            "tags_all": {
              "Project": "inferno-user-service",
              "Stage": "dev"
            },
            "timeout": 10,
            "timeouts": null,
            "tracing_config": [
              {
                "mode": "PassThrough"
              }
            ],
            "version": "$LATEST",
            "vpc_config": []
          },
          "sensitive_attributes": [],
          "identity_schema_version": 0,
          "private": "eyJlMmJmYjczMC1lY2FhLTExZTYtOGY4OC0zNDM2M2JjN2M0YzAiOnsiY3JlYXRlIjo2MDAwMDAwMDAwMDAsImRlbGV0ZSI6NjAwMDAwMDAwMDAwLCJ1cGRhdGUiOjYwMDAwMDAwMDAwMH19",
          "dependencies": [
            "aws_dynamodb_table.user_table",
            "aws_iam_role.lambda_role",
            "aws_s3_bucket.avatars",
            "aws_secretsmanager_secret.password_secret",
            "data.archive_file.get_profile",
            "data.aws_kms_alias.lambda_managed_alias",
            "data.aws_kms_key.lambda_managed_key",
            "data.aws_sqs_queue.create-request-card-sqs",
            "data.aws_sqs_queue.notification-email-sqs",
            "random_id.bucket_suffix"
          ]
        }
      ]
    },
    {
      "mode": "managed",
      "type": "aws_lambda_function",
      "name": "login",
      "provider": "provider[\"registry.terraform.io/hashicorp/aws\"]",
      "instances": [
        {
          "schema_version": 0,
          "attributes": {
            "architectures": [
              "x86_64"
            ],
            "arn": "arn:aws:lambda:us-west-1:149078755102:function:inferno-user-service-dev-login-user",
            "code_sha256": "X17jOxW5jQFvDJWxhQ/rAuk3+N1n2mC+N8zj3vrarVQ=",
            "code_signing_config_arn": "",
            "dead_letter_config": [],
            "description": "",
            "environment": [
              {
                "variables": {
                  "BCRYPT_SALT_ROUNDS": "12",
                  "BUCKET_NAME": "inferno-user-service-dev-avatars-671037",
                  "CARD_REQUEST_QUEUE_URL": "https://sqs.us-west-1.amazonaws.com/149078755102/create-request-card-sqs",
                  "JWT_EXP_HOURS": "12",
                  "NOTIFICATIONS_QUEUE_URL": "https://sqs.us-west-1.amazonaws.com/149078755102/notification-email-sqs",
                  "SECRET_ID": "arn:aws:secretsmanager:us-west-1:149078755102:secret:inferno-user-service-dev-password-secret-v7-2CrqK0",
                  "TABLE_NAME": "inferno-user-service-dev-user-table"
                }
              }
            ],
            "ephemeral_storage": [
              {
                "size": 512
              }
            ],
            "file_system_config": [],
            "filename": "./artifacts/login.zip",
            "function_name": "inferno-user-service-dev-login-user",
            "handler": "login.handler",
            "id": "inferno-user-service-dev-login-user",
            "image_config": [],
            "image_uri": "",
            "invoke_arn": "arn:aws:apigateway:us-west-1:lambda:path/2015-03-31/functions/arn:aws:lambda:us-west-1:149078755102:function:inferno-user-service-dev-login-user/invocations",
            "kms_key_arn": "arn:aws:kms:us-west-1:149078755102:key/b34ad03b-6791-4848-b5d9-5c89afb09b4e",
            "last_modified": "2025-09-10T15:15:02.000+0000",
            "layers": [],
            "logging_config": [
              {
                "application_log_level": "",
                "log_format": "Text",
                "log_group": "/aws/lambda/inferno-user-service-dev-login-user",
                "system_log_level": ""
              }
            ],
            "memory_size": 128,
            "package_type": "Zip",
            "publish": false,
            "qualified_arn": "arn:aws:lambda:us-west-1:149078755102:function:inferno-user-service-dev-login-user:$LATEST",
            "qualified_invoke_arn": "arn:aws:apigateway:us-west-1:lambda:path/2015-03-31/functions/arn:aws:lambda:us-west-1:149078755102:function:inferno-user-service-dev-login-user:$LATEST/invocations",
            "replace_security_groups_on_destroy": null,
            "replacement_security_group_ids": null,
            "reserved_concurrent_executions": -1,
            "role": "arn:aws:iam::149078755102:role/inferno-user-service-dev-lambda-role",
            "runtime": "nodejs20.x",
            "s3_bucket": null,
            "s3_key": null,
            "s3_object_version": null,
            "signing_job_arn": "",
            "signing_profile_version_arn": "",
            "skip_destroy": false,
            "snap_start": [],
            "source_code_hash": "X17jOxW5jQFvDJWxhQ/rAuk3+N1n2mC+N8zj3vrarVQ=",
            "source_code_size": 481060,
            "tags": {
              "Project": "inferno-user-service",
              "Stage": "dev"
            },
            "tags_all": {
              "Project": "inferno-user-service",
              "Stage": "dev"
            },
            "timeout": 10,
            "timeouts": null,
            "tracing_config": [
              {
                "mode": "PassThrough"
              }
            ],
            "version": "$LATEST",
            "vpc_config": []
          },
          "sensitive_attributes": [],
          "identity_schema_version": 0,
          "private": "eyJlMmJmYjczMC1lY2FhLTExZTYtOGY4OC0zNDM2M2JjN2M0YzAiOnsiY3JlYXRlIjo2MDAwMDAwMDAwMDAsImRlbGV0ZSI6NjAwMDAwMDAwMDAwLCJ1cGRhdGUiOjYwMDAwMDAwMDAwMH19",
          "dependencies": [
            "aws_dynamodb_table.user_table",
            "aws_iam_role.lambda_role",
            "aws_s3_bucket.avatars",
            "aws_secretsmanager_secret.password_secret",
            "data.archive_file.login",
            "data.aws_kms_alias.lambda_managed_alias",
            "data.aws_kms_key.lambda_managed_key",
            "data.aws_sqs_queue.create-request-card-sqs",
            "data.aws_sqs_queue.notification-email-sqs",
            "random_id.bucket_suffix"
          ]
        }
      ]
    },
    {
      "mode": "managed",
      "type": "aws_lambda_function",
      "name": "register",
      "provider": "provider[\"registry.terraform.io/hashicorp/aws\"]",
      "instances": [
        {
          "schema_version": 0,
          "attributes": {
            "architectures": [
              "x86_64"
            ],
            "arn": "arn:aws:lambda:us-west-1:149078755102:function:inferno-user-service-dev-register-user",
            "code_sha256": "lgiFWRuQRND8ie/hEoahhCHqoCHWrooLhc2c/fUep5A=",
            "code_signing_config_arn": "",
            "dead_letter_config": [],
            "description": "",
            "environment": [
              {
                "variables": {
                  "BCRYPT_SALT_ROUNDS": "12",
                  "BUCKET_NAME": "inferno-user-service-dev-avatars-671037",
                  "CARD_REQUEST_QUEUE_URL": "https://sqs.us-west-1.amazonaws.com/149078755102/create-request-card-sqs",
                  "JWT_EXP_HOURS": "12",
                  "NOTIFICATIONS_QUEUE_URL": "https://sqs.us-west-1.amazonaws.com/149078755102/notification-email-sqs",
                  "SECRET_ID": "arn:aws:secretsmanager:us-west-1:149078755102:secret:inferno-user-service-dev-password-secret-v7-2CrqK0",
                  "TABLE_NAME": "inferno-user-service-dev-user-table"
                }
              }
            ],
            "ephemeral_storage": [
              {
                "size": 512
              }
            ],
            "file_system_config": [],
            "filename": "./artifacts/register.zip",
            "function_name": "inferno-user-service-dev-register-user",
            "handler": "register.handler",
            "id": "inferno-user-service-dev-register-user",
            "image_config": [],
            "image_uri": "",
            "invoke_arn": "arn:aws:apigateway:us-west-1:lambda:path/2015-03-31/functions/arn:aws:lambda:us-west-1:149078755102:function:inferno-user-service-dev-register-user/invocations",
            "kms_key_arn": "arn:aws:kms:us-west-1:149078755102:key/b34ad03b-6791-4848-b5d9-5c89afb09b4e",
            "last_modified": "2025-09-10T15:15:09.000+0000",
            "layers": [],
            "logging_config": [
              {
                "application_log_level": "",
                "log_format": "Text",
                "log_group": "/aws/lambda/inferno-user-service-dev-register-user",
                "system_log_level": ""
              }
            ],
            "memory_size": 128,
            "package_type": "Zip",
            "publish": false,
            "qualified_arn": "arn:aws:lambda:us-west-1:149078755102:function:inferno-user-service-dev-register-user:$LATEST",
            "qualified_invoke_arn": "arn:aws:apigateway:us-west-1:lambda:path/2015-03-31/functions/arn:aws:lambda:us-west-1:149078755102:function:inferno-user-service-dev-register-user:$LATEST/invocations",
            "replace_security_groups_on_destroy": null,
            "replacement_security_group_ids": null,
            "reserved_concurrent_executions": -1,
            "role": "arn:aws:iam::149078755102:role/inferno-user-service-dev-lambda-role",
            "runtime": "nodejs20.x",
            "s3_bucket": null,
            "s3_key": null,
            "s3_object_version": null,
            "signing_job_arn": "",
            "signing_profile_version_arn": "",
            "skip_destroy": false,
            "snap_start": [],
            "source_code_hash": "lgiFWRuQRND8ie/hEoahhCHqoCHWrooLhc2c/fUep5A=",
            "source_code_size": 457375,
            "tags": {
              "Project": "inferno-user-service",
              "Stage": "dev"
            },
            "tags_all": {
              "Project": "inferno-user-service",
              "Stage": "dev"
            },
            "timeout": 10,
            "timeouts": null,
            "tracing_config": [
              {
                "mode": "PassThrough"
              }
            ],
            "version": "$LATEST",
            "vpc_config": []
          },
          "sensitive_attributes": [],
          "identity_schema_version": 0,
          "private": "eyJlMmJmYjczMC1lY2FhLTExZTYtOGY4OC0zNDM2M2JjN2M0YzAiOnsiY3JlYXRlIjo2MDAwMDAwMDAwMDAsImRlbGV0ZSI6NjAwMDAwMDAwMDAwLCJ1cGRhdGUiOjYwMDAwMDAwMDAwMH19",
          "dependencies": [
            "aws_dynamodb_table.user_table",
            "aws_iam_role.lambda_role",
            "aws_s3_bucket.avatars",
            "aws_secretsmanager_secret.password_secret",
            "data.archive_file.register",
            "data.aws_kms_alias.lambda_managed_alias",
            "data.aws_kms_key.lambda_managed_key",
            "data.aws_sqs_queue.create-request-card-sqs",
            "data.aws_sqs_queue.notification-email-sqs",
            "random_id.bucket_suffix"
          ]
        }
      ]
    },
    {
      "mode": "managed",
      "type": "aws_lambda_function",
      "name": "updateProfile",
      "provider": "provider[\"registry.terraform.io/hashicorp/aws\"]",
      "instances": [
        {
          "schema_version": 0,
          "attributes": {
            "architectures": [
              "x86_64"
            ],
            "arn": "arn:aws:lambda:us-west-1:149078755102:function:inferno-user-service-dev-update-profile",
            "code_sha256": "OvEQOIngKenuT4LJg0K0vohFQOZU3Q0z0ZyPT7UsQNo=",
            "code_signing_config_arn": "",
            "dead_letter_config": [],
            "description": "",
            "environment": [
              {
                "variables": {
                  "BCRYPT_SALT_ROUNDS": "12",
                  "BUCKET_NAME": "inferno-user-service-dev-avatars-671037",
                  "CARD_REQUEST_QUEUE_URL": "https://sqs.us-west-1.amazonaws.com/149078755102/create-request-card-sqs",
                  "JWT_EXP_HOURS": "12",
                  "NOTIFICATIONS_QUEUE_URL": "https://sqs.us-west-1.amazonaws.com/149078755102/notification-email-sqs",
                  "SECRET_ID": "arn:aws:secretsmanager:us-west-1:149078755102:secret:inferno-user-service-dev-password-secret-v7-2CrqK0",
                  "TABLE_NAME": "inferno-user-service-dev-user-table"
                }
              }
            ],
            "ephemeral_storage": [
              {
                "size": 512
              }
            ],
            "file_system_config": [],
            "filename": "./artifacts/updateProfile.zip",
            "function_name": "inferno-user-service-dev-update-profile",
            "handler": "updateProfile.handler",
            "id": "inferno-user-service-dev-update-profile",
            "image_config": [],
            "image_uri": "",
            "invoke_arn": "arn:aws:apigateway:us-west-1:lambda:path/2015-03-31/functions/arn:aws:lambda:us-west-1:149078755102:function:inferno-user-service-dev-update-profile/invocations",
            "kms_key_arn": "arn:aws:kms:us-west-1:149078755102:key/b34ad03b-6791-4848-b5d9-5c89afb09b4e",
            "last_modified": "2025-09-10T15:14:56.000+0000",
            "layers": [],
            "logging_config": [
              {
                "application_log_level": "",
                "log_format": "Text",
                "log_group": "/aws/lambda/inferno-user-service-dev-update-profile",
                "system_log_level": ""
              }
            ],
            "memory_size": 128,
            "package_type": "Zip",
            "publish": false,
            "qualified_arn": "arn:aws:lambda:us-west-1:149078755102:function:inferno-user-service-dev-update-profile:$LATEST",
            "qualified_invoke_arn": "arn:aws:apigateway:us-west-1:lambda:path/2015-03-31/functions/arn:aws:lambda:us-west-1:149078755102:function:inferno-user-service-dev-update-profile:$LATEST/invocations",
            "replace_security_groups_on_destroy": null,
            "replacement_security_group_ids": null,
            "reserved_concurrent_executions": -1,
            "role": "arn:aws:iam::149078755102:role/inferno-user-service-dev-lambda-role",
            "runtime": "nodejs20.x",
            "s3_bucket": null,
            "s3_key": null,
            "s3_object_version": null,
            "signing_job_arn": "",
            "signing_profile_version_arn": "",
            "skip_destroy": false,
            "snap_start": [],
            "source_code_hash": "OvEQOIngKenuT4LJg0K0vohFQOZU3Q0z0ZyPT7UsQNo=",
            "source_code_size": 445789,
            "tags": {
              "Project": "inferno-user-service",
              "Stage": "dev"
            },
            "tags_all": {
              "Project": "inferno-user-service",
              "Stage": "dev"
            },
            "timeout": 10,
            "timeouts": null,
            "tracing_config": [
              {
                "mode": "PassThrough"
              }
            ],
            "version": "$LATEST",
            "vpc_config": []
          },
          "sensitive_attributes": [],
          "identity_schema_version": 0,
          "private": "eyJlMmJmYjczMC1lY2FhLTExZTYtOGY4OC0zNDM2M2JjN2M0YzAiOnsiY3JlYXRlIjo2MDAwMDAwMDAwMDAsImRlbGV0ZSI6NjAwMDAwMDAwMDAwLCJ1cGRhdGUiOjYwMDAwMDAwMDAwMH19",
          "dependencies": [
            "aws_dynamodb_table.user_table",
            "aws_iam_role.lambda_role",
            "aws_s3_bucket.avatars",
            "aws_secretsmanager_secret.password_secret",
            "data.archive_file.updateProfile",
            "data.aws_kms_alias.lambda_managed_alias",
            "data.aws_kms_key.lambda_managed_key",
            "data.aws_sqs_queue.create-request-card-sqs",
            "data.aws_sqs_queue.notification-email-sqs",
            "random_id.bucket_suffix"
          ]
        }
      ]
    },
    {
      "mode": "managed",
      "type": "aws_lambda_function",
      "name": "upload_avatar",
      "provider": "provider[\"registry.terraform.io/hashicorp/aws\"]",
      "instances": [
        {
          "schema_version": 0,
          "attributes": {
            "architectures": [
              "x86_64"
            ],
            "arn": "arn:aws:lambda:us-west-1:149078755102:function:inferno-user-service-dev-upload-avatar",
            "code_sha256": "i7GkaFArEZQiQHcGKlwgR7CmBB/nYzlS76klR2bHkjo=",
            "code_signing_config_arn": "",
            "dead_letter_config": [],
            "description": "",
            "environment": [
              {
                "variables": {
                  "BCRYPT_SALT_ROUNDS": "12",
                  "BUCKET_NAME": "inferno-user-service-dev-avatars-671037",
                  "CARD_REQUEST_QUEUE_URL": "https://sqs.us-west-1.amazonaws.com/149078755102/create-request-card-sqs",
                  "JWT_EXP_HOURS": "12",
                  "NOTIFICATIONS_QUEUE_URL": "https://sqs.us-west-1.amazonaws.com/149078755102/notification-email-sqs",
                  "SECRET_ID": "arn:aws:secretsmanager:us-west-1:149078755102:secret:inferno-user-service-dev-password-secret-v7-2CrqK0",
                  "TABLE_NAME": "inferno-user-service-dev-user-table"
                }
              }
            ],
            "ephemeral_storage": [
              {
                "size": 512
              }
            ],
            "file_system_config": [],
            "filename": "./artifacts/uploadAvatar.zip",
            "function_name": "inferno-user-service-dev-upload-avatar",
            "handler": "uploadAvatar.handler",
            "id": "inferno-user-service-dev-upload-avatar",
            "image_config": [],
            "image_uri": "",
            "invoke_arn": "arn:aws:apigateway:us-west-1:lambda:path/2015-03-31/functions/arn:aws:lambda:us-west-1:149078755102:function:inferno-user-service-dev-upload-avatar/invocations",
            "kms_key_arn": "arn:aws:kms:us-west-1:149078755102:key/b34ad03b-6791-4848-b5d9-5c89afb09b4e",
            "last_modified": "2025-09-10T14:28:21.000+0000",
            "layers": [],
            "logging_config": [
              {
                "application_log_level": "",
                "log_format": "Text",
                "log_group": "/aws/lambda/inferno-user-service-dev-upload-avatar",
                "system_log_level": ""
              }
            ],
            "memory_size": 128,
            "package_type": "Zip",
            "publish": false,
            "qualified_arn": "arn:aws:lambda:us-west-1:149078755102:function:inferno-user-service-dev-upload-avatar:$LATEST",
            "qualified_invoke_arn": "arn:aws:apigateway:us-west-1:lambda:path/2015-03-31/functions/arn:aws:lambda:us-west-1:149078755102:function:inferno-user-service-dev-upload-avatar:$LATEST/invocations",
            "replace_security_groups_on_destroy": null,
            "replacement_security_group_ids": null,
            "reserved_concurrent_executions": -1,
            "role": "arn:aws:iam::149078755102:role/inferno-user-service-dev-lambda-role",
            "runtime": "nodejs20.x",
            "s3_bucket": null,
            "s3_key": null,
            "s3_object_version": null,
            "signing_job_arn": "",
            "signing_profile_version_arn": "",
            "skip_destroy": false,
            "snap_start": [],
            "source_code_hash": "i7GkaFArEZQiQHcGKlwgR7CmBB/nYzlS76klR2bHkjo=",
            "source_code_size": 377559,
            "tags": {
              "Project": "inferno-user-service",
              "Stage": "dev"
            },
            "tags_all": {
              "Project": "inferno-user-service",
              "Stage": "dev"
            },
            "timeout": 10,
            "timeouts": null,
            "tracing_config": [
              {
                "mode": "PassThrough"
              }
            ],
            "version": "$LATEST",
            "vpc_config": []
          },
          "sensitive_attributes": [],
          "identity_schema_version": 0,
          "private": "eyJlMmJmYjczMC1lY2FhLTExZTYtOGY4OC0zNDM2M2JjN2M0YzAiOnsiY3JlYXRlIjo2MDAwMDAwMDAwMDAsImRlbGV0ZSI6NjAwMDAwMDAwMDAwLCJ1cGRhdGUiOjYwMDAwMDAwMDAwMH19",
          "dependencies": [
            "aws_dynamodb_table.user_table",
            "aws_iam_role.lambda_role",
            "aws_s3_bucket.avatars",
            "aws_secretsmanager_secret.password_secret",
            "data.archive_file.upload_avatar",
            "data.aws_kms_alias.lambda_managed_alias",
            "data.aws_kms_key.lambda_managed_key",
            "data.aws_sqs_queue.create-request-card-sqs",
            "data.aws_sqs_queue.notification-email-sqs",
            "random_id.bucket_suffix"
          ]
        }
      ]
    },
    {
      "mode": "managed",
      "type": "aws_lambda_permission",
      "name": "allow_apigw_get",
      "provider": "provider[\"registry.terraform.io/hashicorp/aws\"]",
      "instances": [
        {
          "schema_version": 0,
          "attributes": {
            "action": "lambda:InvokeFunction",
            "event_source_token": null,
            "function_name": "inferno-user-service-dev-get-profile",
            "function_url_auth_type": null,
            "id": "terraform-20250910044123138500000006",
            "principal": "apigateway.amazonaws.com",
            "principal_org_id": null,
            "qualifier": "",
            "source_account": null,
            "source_arn": "arn:aws:execute-api:us-west-1:149078755102:m9ugzkc15h/*/*/*",
            "statement_id": "terraform-20250910044123138500000006",
            "statement_id_prefix": "terraform-"
          },
          "sensitive_attributes": [],
          "identity_schema_version": 0,
          "private": "bnVsbA==",
          "dependencies": [
            "aws_dynamodb_table.user_table",
            "aws_iam_role.lambda_role",
            "aws_lambda_function.get_profile",
            "aws_s3_bucket.avatars",
            "aws_secretsmanager_secret.password_secret",
            "data.archive_file.get_profile",
            "data.aws_kms_alias.lambda_managed_alias",
            "data.aws_kms_key.lambda_managed_key",
            "data.aws_sqs_queue.create-request-card-sqs",
            "data.aws_sqs_queue.notification-email-sqs",
            "random_id.bucket_suffix"
          ]
        }
      ]
    },
    {
      "mode": "managed",
      "type": "aws_lambda_permission",
      "name": "allow_apigw_login",
      "provider": "provider[\"registry.terraform.io/hashicorp/aws\"]",
      "instances": [
        {
          "schema_version": 0,
          "attributes": {
            "action": "lambda:InvokeFunction",
            "event_source_token": null,
            "function_name": "inferno-user-service-dev-login-user",
            "function_url_auth_type": null,
            "id": "terraform-20250910044102060900000003",
            "principal": "apigateway.amazonaws.com",
            "principal_org_id": null,
            "qualifier": "",
            "source_account": null,
            "source_arn": "arn:aws:execute-api:us-west-1:149078755102:m9ugzkc15h/*/*/*",
            "statement_id": "terraform-20250910044102060900000003",
            "statement_id_prefix": "terraform-"
          },
          "sensitive_attributes": [],
          "identity_schema_version": 0,
          "private": "bnVsbA==",
          "dependencies": [
            "aws_dynamodb_table.user_table",
            "aws_iam_role.lambda_role",
            "aws_lambda_function.login",
            "aws_s3_bucket.avatars",
            "aws_secretsmanager_secret.password_secret",
            "data.archive_file.login",
            "data.aws_kms_alias.lambda_managed_alias",
            "data.aws_kms_key.lambda_managed_key",
            "data.aws_sqs_queue.create-request-card-sqs",
            "data.aws_sqs_queue.notification-email-sqs",
            "random_id.bucket_suffix"
          ]
        }
      ]
    },
    {
      "mode": "managed",
      "type": "aws_lambda_permission",
      "name": "allow_apigw_register",
      "provider": "provider[\"registry.terraform.io/hashicorp/aws\"]",
      "instances": [
        {
          "schema_version": 0,
          "attributes": {
            "action": "lambda:InvokeFunction",
            "event_source_token": null,
            "function_name": "inferno-user-service-dev-register-user",
            "function_url_auth_type": null,
            "id": "terraform-20250910044116175900000005",
            "principal": "apigateway.amazonaws.com",
            "principal_org_id": null,
            "qualifier": "",
            "source_account": null,
            "source_arn": "arn:aws:execute-api:us-west-1:149078755102:m9ugzkc15h/*/*/*",
            "statement_id": "terraform-20250910044116175900000005",
            "statement_id_prefix": "terraform-"
          },
          "sensitive_attributes": [],
          "identity_schema_version": 0,
          "private": "bnVsbA==",
          "dependencies": [
            "aws_dynamodb_table.user_table",
            "aws_iam_role.lambda_role",
            "aws_lambda_function.register",
            "aws_s3_bucket.avatars",
            "aws_secretsmanager_secret.password_secret",
            "data.archive_file.register",
            "data.aws_kms_alias.lambda_managed_alias",
            "data.aws_kms_key.lambda_managed_key",
            "data.aws_sqs_queue.create-request-card-sqs",
            "data.aws_sqs_queue.notification-email-sqs",
            "random_id.bucket_suffix"
          ]
        }
      ]
    },
    {
      "mode": "managed",
      "type": "aws_lambda_permission",
      "name": "allow_apigw_update",
      "provider": "provider[\"registry.terraform.io/hashicorp/aws\"]",
      "instances": [
        {
          "schema_version": 0,
          "attributes": {
            "action": "lambda:InvokeFunction",
            "event_source_token": null,
            "function_name": "inferno-user-service-dev-update-profile",
            "function_url_auth_type": null,
            "id": "terraform-20250910044130201900000007",
            "principal": "apigateway.amazonaws.com",
            "principal_org_id": null,
            "qualifier": "",
            "source_account": null,
            "source_arn": "arn:aws:execute-api:us-west-1:149078755102:m9ugzkc15h/*/*/*",
            "statement_id": "terraform-20250910044130201900000007",
            "statement_id_prefix": "terraform-"
          },
          "sensitive_attributes": [],
          "identity_schema_version": 0,
          "private": "bnVsbA==",
          "dependencies": [
            "aws_dynamodb_table.user_table",
            "aws_iam_role.lambda_role",
            "aws_lambda_function.updateProfile",
            "aws_s3_bucket.avatars",
            "aws_secretsmanager_secret.password_secret",
            "data.archive_file.updateProfile",
            "data.aws_kms_alias.lambda_managed_alias",
            "data.aws_kms_key.lambda_managed_key",
            "data.aws_sqs_queue.create-request-card-sqs",
            "data.aws_sqs_queue.notification-email-sqs",
            "random_id.bucket_suffix"
          ]
        }
      ]
    },
    {
      "mode": "managed",
      "type": "aws_lambda_permission",
      "name": "allow_apigw_upload",
      "provider": "provider[\"registry.terraform.io/hashicorp/aws\"]",
      "instances": [
        {
          "schema_version": 0,
          "attributes": {
            "action": "lambda:InvokeFunction",
            "event_source_token": null,
            "function_name": "inferno-user-service-dev-upload-avatar",
            "function_url_auth_type": null,
            "id": "terraform-20250910044109228200000004",
            "principal": "apigateway.amazonaws.com",
            "principal_org_id": null,
            "qualifier": "",
            "source_account": null,
            "source_arn": "arn:aws:execute-api:us-west-1:149078755102:m9ugzkc15h/*/*/*",
            "statement_id": "terraform-20250910044109228200000004",
            "statement_id_prefix": "terraform-"
          },
          "sensitive_attributes": [],
          "identity_schema_version": 0,
          "private": "bnVsbA==",
          "dependencies": [
            "aws_dynamodb_table.user_table",
            "aws_iam_role.lambda_role",
            "aws_lambda_function.upload_avatar",
            "aws_s3_bucket.avatars",
            "aws_secretsmanager_secret.password_secret",
            "data.archive_file.upload_avatar",
            "data.aws_kms_alias.lambda_managed_alias",
            "data.aws_kms_key.lambda_managed_key",
            "data.aws_sqs_queue.create-request-card-sqs",
            "data.aws_sqs_queue.notification-email-sqs",
            "random_id.bucket_suffix"
          ]
        }
      ]
    },
    {
      "mode": "managed",
      "type": "aws_s3_bucket",
      "name": "avatars",
      "provider": "provider[\"registry.terraform.io/hashicorp/aws\"]",
      "instances": [
        {
          "schema_version": 0,
          "attributes": {
            "acceleration_status": "",
            "acl": null,
            "arn": "arn:aws:s3:::inferno-user-service-dev-avatars-671037",
            "bucket": "inferno-user-service-dev-avatars-671037",
            "bucket_domain_name": "inferno-user-service-dev-avatars-671037.s3.amazonaws.com",
            "bucket_prefix": "",
            "bucket_regional_domain_name": "inferno-user-service-dev-avatars-671037.s3.us-west-1.amazonaws.com",
            "cors_rule": [],
            "force_destroy": false,
            "grant": [
              {
                "id": "74ce86af95bff627b71b6d0bbd2a80f3be67cc8bf70e96afe2a9b751821cc92d",
                "permissions": [
                  "FULL_CONTROL"
                ],
                "type": "CanonicalUser",
                "uri": ""
              }
            ],
            "hosted_zone_id": "Z2F56UZL2M1ACD",
            "id": "inferno-user-service-dev-avatars-671037",
            "lifecycle_rule": [],
            "logging": [],
            "object_lock_configuration": [],
            "object_lock_enabled": false,
            "policy": "",
            "region": "us-west-1",
            "replication_configuration": [],
            "request_payer": "BucketOwner",
            "server_side_encryption_configuration": [
              {
                "rule": [
                  {
                    "apply_server_side_encryption_by_default": [
                      {
                        "kms_master_key_id": "",
                        "sse_algorithm": "AES256"
                      }
                    ],
                    "bucket_key_enabled": false
                  }
                ]
              }
            ],
            "tags": {
              "Project": "inferno-user-service",
              "Stage": "dev"
            },
            "tags_all": {
              "Project": "inferno-user-service",
              "Stage": "dev"
            },
            "timeouts": null,
            "versioning": [
              {
                "enabled": false,
                "mfa_delete": false
              }
            ],
            "website": [],
            "website_domain": null,
            "website_endpoint": null
          },
          "sensitive_attributes": [],
          "identity_schema_version": 0,
          "private": "eyJlMmJmYjczMC1lY2FhLTExZTYtOGY4OC0zNDM2M2JjN2M0YzAiOnsiY3JlYXRlIjoxMjAwMDAwMDAwMDAwLCJkZWxldGUiOjM2MDAwMDAwMDAwMDAsInJlYWQiOjEyMDAwMDAwMDAwMDAsInVwZGF0ZSI6MTIwMDAwMDAwMDAwMH19",
          "dependencies": [
            "random_id.bucket_suffix"
          ]
        }
      ]
    },
    {
      "mode": "managed",
      "type": "aws_s3_bucket_public_access_block",
      "name": "avatars_block",
      "provider": "provider[\"registry.terraform.io/hashicorp/aws\"]",
      "instances": [
        {
          "schema_version": 0,
          "attributes": {
            "block_public_acls": true,
            "block_public_policy": true,
            "bucket": "inferno-user-service-dev-avatars-671037",
            "id": "inferno-user-service-dev-avatars-671037",
            "ignore_public_acls": true,
            "restrict_public_buckets": true
          },
          "sensitive_attributes": [],
          "identity_schema_version": 0,
          "private": "bnVsbA==",
          "dependencies": [
            "aws_s3_bucket.avatars",
            "random_id.bucket_suffix"
          ]
        }
      ]
    },
    {
      "mode": "managed",
      "type": "aws_secretsmanager_secret",
      "name": "password_secret",
      "provider": "provider[\"registry.terraform.io/hashicorp/aws\"]",
      "instances": [
        {
          "schema_version": 0,
          "attributes": {
            "arn": "arn:aws:secretsmanager:us-west-1:149078755102:secret:inferno-user-service-dev-password-secret-v7-2CrqK0",
            "description": "JWT secret + optional pepper",
            "force_overwrite_replica_secret": false,
            "id": "arn:aws:secretsmanager:us-west-1:149078755102:secret:inferno-user-service-dev-password-secret-v7-2CrqK0",
            "kms_key_id": "alias/aws/secretsmanager",
            "name": "inferno-user-service-dev-password-secret-v7",
            "name_prefix": "",
            "policy": "",
            "recovery_window_in_days": 30,
            "replica": [],
            "tags": {
              "Project": "inferno-user-service",
              "Stage": "dev"
            },
            "tags_all": {
              "Project": "inferno-user-service",
              "Stage": "dev"
            }
          },
          "sensitive_attributes": [],
          "identity_schema_version": 0,
          "private": "bnVsbA=="
        }
      ]
    },
    {
      "mode": "managed",
      "type": "aws_secretsmanager_secret_version",
      "name": "password_secret_v",
      "provider": "provider[\"registry.terraform.io/hashicorp/aws\"]",
      "instances": [
        {
          "schema_version": 0,
          "attributes": {
            "arn": "arn:aws:secretsmanager:us-west-1:149078755102:secret:inferno-user-service-dev-password-secret-v7-2CrqK0",
            "has_secret_string_wo": null,
            "id": "arn:aws:secretsmanager:us-west-1:149078755102:secret:inferno-user-service-dev-password-secret-v7-2CrqK0|terraform-20250910045923053900000002",
            "secret_binary": "",
            "secret_id": "arn:aws:secretsmanager:us-west-1:149078755102:secret:inferno-user-service-dev-password-secret-v7-2CrqK0",
            "secret_string": "{\"JWT_SECRET\":\"distribucion2025\",\"PEPPER\":null}",
            "secret_string_wo": null,
            "secret_string_wo_version": null,
            "version_id": "terraform-20250910045923053900000002",
            "version_stages": [
              "AWSCURRENT"
            ]
          },
          "sensitive_attributes": [
            [
              {
                "type": "get_attr",
                "value": "secret_binary"
              }
            ],
            [
              {
                "type": "get_attr",
                "value": "secret_string"
              }
            ],
            [
              {
                "type": "get_attr",
                "value": "secret_string_wo"
              }
            ]
          ],
          "identity_schema_version": 0,
          "private": "bnVsbA==",
          "dependencies": [
            "aws_secretsmanager_secret.password_secret"
          ]
        }
      ]
    },
    {
      "mode": "managed",
      "type": "random_id",
      "name": "bucket_suffix",
      "provider": "provider[\"registry.terraform.io/hashicorp/random\"]",
      "instances": [
        {
          "schema_version": 0,
          "attributes": {
            "b64_std": "ZxA3",
            "b64_url": "ZxA3",
            "byte_length": 3,
            "dec": "6754359",
            "hex": "671037",
            "id": "ZxA3",
            "keepers": null,
            "prefix": null
          },
          "sensitive_attributes": [],
          "identity_schema_version": 0
        }
      ]
    }
  ],
  "check_results": null
}
