{
  "version": 4,
  "terraform_version": "1.13.1",
  "serial": 250,
  "lineage": "84f015ae-8944-be2f-e07f-ec5c9150573f",
  "outputs": {
    "avatars_bucket": {
      "value": "inferno-user-service-dev-avatars-b0cea0",
      "type": "string"
    },
    "card_request_queue_url": {
      "value": "https://sqs.us-west-1.amazonaws.com/149078755102/inferno-user-service-dev-card-request-queue",
      "type": "string"
    },
    "get_lambda_arn": {
      "value": "arn:aws:lambda:us-west-1:149078755102:function:inferno-user-service-dev-get-profile",
      "type": "string"
    },
    "login_lambda_arn": {
      "value": "arn:aws:lambda:us-west-1:149078755102:function:inferno-user-service-dev-login-user",
      "type": "string"
    },
    "password_secret_arn": {
      "value": "arn:aws:secretsmanager:us-west-1:149078755102:secret:inferno-user-service-dev-password-secret-v3-hJWzDI",
      "type": "string"
    },
    "register_lambda_arn": {
      "value": "arn:aws:lambda:us-west-1:149078755102:function:inferno-user-service-dev-register-user",
      "type": "string"
    },
    "update_lambda_arn": {
      "value": "arn:aws:lambda:us-west-1:149078755102:function:inferno-user-service-dev-update-profile",
      "type": "string"
    },
    "upload_lambda_arn": {
      "value": "arn:aws:lambda:us-west-1:149078755102:function:inferno-user-service-dev-upload-avatar",
      "type": "string"
    },
    "user_table_name": {
      "value": "inferno-user-service-dev-user-table",
      "type": "string"
    }
  },
  "resources": [
    {
      "mode": "data",
      "type": "archive_file",
      "name": "get_profile",
      "provider": "provider[\"registry.terraform.io/hashicorp/archive\"]",
      "instances": [
        {
          "schema_version": 0,
          "attributes": {
            "exclude_symlink_directories": null,
            "excludes": null,
            "id": "723051b48c23262ee02cb6733f806c2c14b217d3",
            "output_base64sha256": "vCnGN46jb4pyUGymk2Ur7rH4CI+onIixPCj7OSPucL8=",
            "output_base64sha512": "XjFr3XfULN8EAOndPSYOlGCgjQxPeB/8h4u/QAxG2LNYcjKdc3KRNMpcqraRX3U6UQTlfKDW2B48bvCmm4f4Xw==",
            "output_file_mode": null,
            "output_md5": "01d5eb40555c2e77436c18d500545d5f",
            "output_path": "./artifacts/getProfile.zip",
            "output_sha": "723051b48c23262ee02cb6733f806c2c14b217d3",
            "output_sha256": "bc29c6378ea36f8a72506ca693652beeb1f8088fa89c88b13c28fb3923ee70bf",
            "output_sha512": "5e316bdd77d42cdf0400e9dd3d260e9460a08d0c4f781ffc878bbf400c46d8b35872329d73729134ca5caab6915f753a5104e57ca0d6d81e3c6ef0a69b87f85f",
            "output_size": 312524,
            "source": [],
            "source_content": null,
            "source_content_filename": null,
            "source_dir": null,
            "source_file": "./../dist/getProfile.js",
            "type": "zip"
          },
          "sensitive_attributes": [],
          "identity_schema_version": 0
        }
      ]
    },
    {
      "mode": "data",
      "type": "archive_file",
      "name": "login",
      "provider": "provider[\"registry.terraform.io/hashicorp/archive\"]",
      "instances": [
        {
          "schema_version": 0,
          "attributes": {
            "exclude_symlink_directories": null,
            "excludes": null,
            "id": "a8c8fb64af93433b3361fa1f537c32386f31364e",
            "output_base64sha256": "+JsRH/japX9Gl7fOxJY/rJD44Ki49IY1rTobr+9uyF0=",
            "output_base64sha512": "jmxWvp9XhlZ7p/p2epgcrHIWRGeI/VPNtNmo/CYIyiRkGnAz21xpwcdKsVBx+VHwi1WQAsRp75RMYXMCItXV2Q==",
            "output_file_mode": null,
            "output_md5": "7729c57489998dfc26762f9a3f5f496a",
            "output_path": "./artifacts/login.zip",
            "output_sha": "a8c8fb64af93433b3361fa1f537c32386f31364e",
            "output_sha256": "f89b111ff8daa57f4697b7cec4963fac90f8e0a8b8f48635ad3a1bafef6ec85d",
            "output_sha512": "8e6c56be9f5786567ba7fa767a981cac7216446788fd53cdb4d9a8fc2608ca24641a7033db5c69c1c74ab15071f951f08b559002c469ef944c61730222d5d5d9",
            "output_size": 412051,
            "source": [],
            "source_content": null,
            "source_content_filename": null,
            "source_dir": null,
            "source_file": "./../dist/login.js",
            "type": "zip"
          },
          "sensitive_attributes": [],
          "identity_schema_version": 0
        }
      ]
    },
    {
      "mode": "data",
      "type": "archive_file",
      "name": "register",
      "provider": "provider[\"registry.terraform.io/hashicorp/archive\"]",
      "instances": [
        {
          "schema_version": 0,
          "attributes": {
            "exclude_symlink_directories": null,
            "excludes": null,
            "id": "58230890ad56a06ad978b808a3a0a4a79ddb5e88",
            "output_base64sha256": "8IsH0gmGQ93pjVa5xWb3QcdzZKKwcGGPzk6PsNkFTYE=",
            "output_base64sha512": "s5RLxRAHFtMfH7L0hstnzQPGThWrSqBWJ86FOEauF9JJKOMgti4mf2z3WBAhTYbEfEpF9Y2oxTGPZGrQqQhJTQ==",
            "output_file_mode": null,
            "output_md5": "fa6c776ba8f89d0207f6cc8964d06792",
            "output_path": "./artifacts/register.zip",
            "output_sha": "58230890ad56a06ad978b808a3a0a4a79ddb5e88",
            "output_sha256": "f08b07d2098643dde98d56b9c566f741c77364a2b070618fce4e8fb0d9054d81",
            "output_sha512": "b3944bc5100716d31f1fb2f486cb67cd03c64e15ab4aa05627ce853846ae17d24928e320b62e267f6cf75810214d86c47c4a45f58da8c5318f646ad0a908494d",
            "output_size": 457240,
            "source": [],
            "source_content": null,
            "source_content_filename": null,
            "source_dir": null,
            "source_file": "./../dist/register.js",
            "type": "zip"
          },
          "sensitive_attributes": [],
          "identity_schema_version": 0
        }
      ]
    },
    {
      "mode": "data",
      "type": "archive_file",
      "name": "updateProfile",
      "provider": "provider[\"registry.terraform.io/hashicorp/archive\"]",
      "instances": [
        {
          "schema_version": 0,
          "attributes": {
            "exclude_symlink_directories": null,
            "excludes": null,
            "id": "7a300fa3fc99d1622ddfb250d5ba717b2c475236",
            "output_base64sha256": "17iHKXEqknfoufHaIAZ/cuHrtoGCkRUUd5Cq6wUjfGs=",
            "output_base64sha512": "g0ZV2hJq/ciKdAxURGFCbtuCZG2YJztJNwAIqd8zUuBdKYb91ztydwSsWHwqZrkbnP+MG3xl0Cx6w+9jDI/sdg==",
            "output_file_mode": null,
            "output_md5": "1c3329f045f3a3d19d0ce60b609f7ba0",
            "output_path": "./artifacts/updateProfile.zip",
            "output_sha": "7a300fa3fc99d1622ddfb250d5ba717b2c475236",
            "output_sha256": "d7b88729712a9277e8b9f1da20067f72e1ebb681829115147790aaeb05237c6b",
            "output_sha512": "834655da126afdc88a740c544461426edb82646d98273b49370008a9df3352e05d2986fdd73b727704ac587c2a66b91b9cff8c1b7c65d02c7ac3ef630c8fec76",
            "output_size": 376751,
            "source": [],
            "source_content": null,
            "source_content_filename": null,
            "source_dir": null,
            "source_file": "./../dist/updateProfile.js",
            "type": "zip"
          },
          "sensitive_attributes": [],
          "identity_schema_version": 0
        }
      ]
    },
    {
      "mode": "data",
      "type": "archive_file",
      "name": "upload_avatar",
      "provider": "provider[\"registry.terraform.io/hashicorp/archive\"]",
      "instances": [
        {
          "schema_version": 0,
          "attributes": {
            "exclude_symlink_directories": null,
            "excludes": null,
            "id": "0aad7823d080abca45713fc51c7f3c5b91bf84e0",
            "output_base64sha256": "i7GkaFArEZQiQHcGKlwgR7CmBB/nYzlS76klR2bHkjo=",
            "output_base64sha512": "S91m3gbyP0+orpiGnY07XOnTgkXAP0sw1Ec7L/h+xq/WTnU6Pm4xOyBXyr63MhSySIpzE8vgl4hRIvrnlXPa/A==",
            "output_file_mode": null,
            "output_md5": "1cfda5339721815a82b2922e659701ef",
            "output_path": "./artifacts/uploadAvatar.zip",
            "output_sha": "0aad7823d080abca45713fc51c7f3c5b91bf84e0",
            "output_sha256": "8bb1a468502b1194224077062a5c2047b0a6041fe7633952efa9254766c7923a",
            "output_sha512": "4bdd66de06f23f4fa8ae98869d8d3b5ce9d38245c03f4b30d4473b2ff87ec6afd64e753a3e6e313b2057cabeb73214b2488a7313cbe097885122fae79573dafc",
            "output_size": 377559,
            "source": [],
            "source_content": null,
            "source_content_filename": null,
            "source_dir": null,
            "source_file": "./../dist/uploadAvatar.js",
            "type": "zip"
          },
          "sensitive_attributes": [],
          "identity_schema_version": 0
        }
      ]
    },
    {
      "mode": "managed",
      "type": "aws_dynamodb_table",
      "name": "user_table",
      "provider": "provider[\"registry.terraform.io/hashicorp/aws\"]",
      "instances": [
        {
          "schema_version": 1,
          "attributes": {
            "arn": "arn:aws:dynamodb:us-west-1:149078755102:table/inferno-user-service-dev-user-table",
            "attribute": [
              {
                "name": "document",
                "type": "S"
              },
              {
                "name": "email",
                "type": "S"
              },
              {
                "name": "uuid",
                "type": "S"
              }
            ],
            "billing_mode": "PAY_PER_REQUEST",
            "deletion_protection_enabled": false,
            "global_secondary_index": [
              {
                "hash_key": "document",
                "name": "document-index",
                "non_key_attributes": [],
                "on_demand_throughput": [],
                "projection_type": "ALL",
                "range_key": "",
                "read_capacity": 0,
                "write_capacity": 0
              },
              {
                "hash_key": "email",
                "name": "email-index",
                "non_key_attributes": [],
                "on_demand_throughput": [],
                "projection_type": "ALL",
                "range_key": "",
                "read_capacity": 0,
                "write_capacity": 0
              },
              {
                "hash_key": "uuid",
                "name": "uuid-index",
                "non_key_attributes": [],
                "on_demand_throughput": [],
                "projection_type": "ALL",
                "range_key": "",
                "read_capacity": 0,
                "write_capacity": 0
              }
            ],
            "hash_key": "uuid",
            "id": "inferno-user-service-dev-user-table",
            "import_table": [],
            "local_secondary_index": [],
            "name": "inferno-user-service-dev-user-table",
            "on_demand_throughput": [],
            "point_in_time_recovery": [
              {
                "enabled": false,
                "recovery_period_in_days": 0
              }
            ],
            "range_key": "document",
            "read_capacity": 0,
            "replica": [],
            "restore_date_time": null,
            "restore_source_name": null,
            "restore_source_table_arn": null,
            "restore_to_latest_time": null,
            "server_side_encryption": [],
            "stream_arn": "",
            "stream_enabled": false,
            "stream_label": "",
            "stream_view_type": "",
            "table_class": "STANDARD",
            "tags": {
              "Project": "inferno-user-service",
              "Stage": "dev"
            },
            "tags_all": {
              "Project": "inferno-user-service",
              "Stage": "dev"
            },
            "timeouts": null,
            "ttl": [
              {
                "attribute_name": "",
                "enabled": false
              }
            ],
            "write_capacity": 0
          },
          "sensitive_attributes": [],
          "identity_schema_version": 0,
          "private": "eyJlMmJmYjczMC1lY2FhLTExZTYtOGY4OC0zNDM2M2JjN2M0YzAiOnsiY3JlYXRlIjoxODAwMDAwMDAwMDAwLCJkZWxldGUiOjYwMDAwMDAwMDAwMCwidXBkYXRlIjozNjAwMDAwMDAwMDAwfSwic2NoZW1hX3ZlcnNpb24iOiIxIn0="
        }
      ]
    },
    {
      "mode": "managed",
      "type": "aws_iam_policy",
      "name": "ddb_policy",
      "provider": "provider[\"registry.terraform.io/hashicorp/aws\"]",
      "instances": [
        {
          "schema_version": 0,
          "attributes": {
            "arn": "arn:aws:iam::149078755102:policy/inferno-user-service-dev-ddb-policy",
            "attachment_count": 1,
            "description": "",
            "id": "arn:aws:iam::149078755102:policy/inferno-user-service-dev-ddb-policy",
            "name": "inferno-user-service-dev-ddb-policy",
            "name_prefix": "",
            "path": "/",
            "policy": "{\"Statement\":[{\"Action\":[\"dynamodb:*\"],\"Effect\":\"Allow\",\"Resource\":[\"arn:aws:dynamodb:us-west-1:149078755102:table/inferno-user-service-dev-user-table\",\"arn:aws:dynamodb:us-west-1:149078755102:table/inferno-user-service-dev-user-table/index/*\"]}],\"Version\":\"2012-10-17\"}",
            "policy_id": "ANPASFNOJI4PF4V5XRQ6B",
            "tags": {},
            "tags_all": {}
          },
          "sensitive_attributes": [],
          "identity_schema_version": 0,
          "private": "bnVsbA==",
          "dependencies": [
            "aws_dynamodb_table.user_table"
          ]
        }
      ]
    },
    {
      "mode": "managed",
      "type": "aws_iam_policy",
      "name": "kms_policy",
      "provider": "provider[\"registry.terraform.io/hashicorp/aws\"]",
      "instances": [
        {
          "schema_version": 0,
          "attributes": {
            "arn": "arn:aws:iam::149078755102:policy/inferno-user-service-dev-kms-policy",
            "attachment_count": 0,
            "description": "",
            "id": "arn:aws:iam::149078755102:policy/inferno-user-service-dev-kms-policy",
            "name": "inferno-user-service-dev-kms-policy",
            "name_prefix": "",
            "path": "/",
            "policy": "{\"Statement\":[{\"Action\":[\"kms:Decrypt\"],\"Effect\":\"Allow\",\"Resource\":\"arn:aws:kms:us-west-1:149078755102:key/b34ad03b-6791-4848-b5d9-5c89afb09b4e\"}],\"Version\":\"2012-10-17\"}",
            "policy_id": "ANPASFNOJI4PMJV7D2KXS",
            "tags": null,
            "tags_all": {}
          },
          "sensitive_attributes": [],
          "identity_schema_version": 0,
          "private": "bnVsbA=="
        }
      ]
    },
    {
      "mode": "managed",
      "type": "aws_iam_policy",
      "name": "s3_policy",
      "provider": "provider[\"registry.terraform.io/hashicorp/aws\"]",
      "instances": [
        {
          "schema_version": 0,
          "attributes": {
            "arn": "arn:aws:iam::149078755102:policy/inferno-user-service-dev-s3-policy",
            "attachment_count": 1,
            "description": "",
            "id": "arn:aws:iam::149078755102:policy/inferno-user-service-dev-s3-policy",
            "name": "inferno-user-service-dev-s3-policy",
            "name_prefix": "",
            "path": "/",
            "policy": "{\"Statement\":[{\"Action\":[\"s3:PutObject\",\"s3:GetObject\",\"s3:DeleteObject\"],\"Effect\":\"Allow\",\"Resource\":[\"arn:aws:s3:::inferno-user-service-dev-avatars-b0cea0/*\"]}],\"Version\":\"2012-10-17\"}",
            "policy_id": "ANPASFNOJI4PEJGJP27D2",
            "tags": {},
            "tags_all": {}
          },
          "sensitive_attributes": [],
          "identity_schema_version": 0,
          "private": "bnVsbA==",
          "dependencies": [
            "aws_s3_bucket.avatars",
            "random_id.bucket_suffix"
          ]
        }
      ]
    },
    {
      "mode": "managed",
      "type": "aws_iam_policy",
      "name": "secrets_policy",
      "provider": "provider[\"registry.terraform.io/hashicorp/aws\"]",
      "instances": [
        {
          "schema_version": 0,
          "attributes": {
            "arn": "arn:aws:iam::149078755102:policy/inferno-user-service-dev-secrets-policy",
            "attachment_count": 1,
            "description": "",
            "id": "arn:aws:iam::149078755102:policy/inferno-user-service-dev-secrets-policy",
            "name": "inferno-user-service-dev-secrets-policy",
            "name_prefix": "",
            "path": "/",
            "policy": "{\"Statement\":[{\"Action\":[\"secretsmanager:GetSecretValue\"],\"Effect\":\"Allow\",\"Resource\":[\"arn:aws:secretsmanager:us-west-1:149078755102:secret:inferno-user-service-dev-password-secret-v3-hJWzDI\"]}],\"Version\":\"2012-10-17\"}",
            "policy_id": "ANPASFNOJI4PKUXRPVHTS",
            "tags": {},
            "tags_all": {}
          },
          "sensitive_attributes": [],
          "identity_schema_version": 0,
          "private": "bnVsbA==",
          "dependencies": [
            "aws_secretsmanager_secret.password_secret"
          ]
        }
      ]
    },
    {
      "mode": "managed",
      "type": "aws_iam_policy",
      "name": "sqs_policy",
      "provider": "provider[\"registry.terraform.io/hashicorp/aws\"]",
      "instances": [
        {
          "schema_version": 0,
          "attributes": {
            "arn": "arn:aws:iam::149078755102:policy/inferno-user-service-dev-sqs-policy",
            "attachment_count": 1,
            "description": "",
            "id": "arn:aws:iam::149078755102:policy/inferno-user-service-dev-sqs-policy",
            "name": "inferno-user-service-dev-sqs-policy",
            "name_prefix": "",
            "path": "/",
            "policy": "{\"Statement\":[{\"Action\":[\"sqs:SendMessage\"],\"Effect\":\"Allow\",\"Resource\":[\"arn:aws:sqs:us-west-1:149078755102:inferno-user-service-dev-card-request-queue\"]}],\"Version\":\"2012-10-17\"}",
            "policy_id": "ANPASFNOJI4PGPMWNEPGE",
            "tags": {},
            "tags_all": {}
          },
          "sensitive_attributes": [],
          "identity_schema_version": 0,
          "private": "bnVsbA==",
          "dependencies": [
            "aws_sqs_queue.card_request_queue"
          ]
        }
      ]
    },
    {
      "mode": "managed",
      "type": "aws_iam_role",
      "name": "lambda_role",
      "provider": "provider[\"registry.terraform.io/hashicorp/aws\"]",
      "instances": [
        {
          "schema_version": 0,
          "attributes": {
            "arn": "arn:aws:iam::149078755102:role/inferno-user-service-dev-lambda-role",
            "assume_role_policy": "{\"Statement\":[{\"Action\":\"sts:AssumeRole\",\"Effect\":\"Allow\",\"Principal\":{\"Service\":\"lambda.amazonaws.com\"}}],\"Version\":\"2012-10-17\"}",
            "create_date": "2025-09-10T00:42:11Z",
            "description": "",
            "force_detach_policies": false,
            "id": "inferno-user-service-dev-lambda-role",
            "inline_policy": [],
            "managed_policy_arns": [
              "arn:aws:iam::149078755102:policy/inferno-user-service-dev-ddb-policy",
              "arn:aws:iam::149078755102:policy/inferno-user-service-dev-s3-policy",
              "arn:aws:iam::149078755102:policy/inferno-user-service-dev-secrets-policy",
              "arn:aws:iam::149078755102:policy/inferno-user-service-dev-sqs-policy",
              "arn:aws:iam::aws:policy/service-role/AWSLambdaBasicExecutionRole"
            ],
            "max_session_duration": 3600,
            "name": "inferno-user-service-dev-lambda-role",
            "name_prefix": "",
            "path": "/",
            "permissions_boundary": "",
            "tags": {
              "Project": "inferno-user-service",
              "Stage": "dev"
            },
            "tags_all": {
              "Project": "inferno-user-service",
              "Stage": "dev"
            },
            "unique_id": "AROASFNOJI4PE4ZEVB5LI"
          },
          "sensitive_attributes": [],
          "identity_schema_version": 0,
          "private": "bnVsbA=="
        }
      ]
    },
    {
      "mode": "managed",
      "type": "aws_iam_role_policy_attachment",
      "name": "ddb_attach",
      "provider": "provider[\"registry.terraform.io/hashicorp/aws\"]",
      "instances": [
        {
          "schema_version": 0,
          "attributes": {
            "id": "inferno-user-service-dev-lambda-role-20250907181539851900000005",
            "policy_arn": "arn:aws:iam::149078755102:policy/inferno-user-service-dev-ddb-policy",
            "role": "inferno-user-service-dev-lambda-role"
          },
          "sensitive_attributes": [],
          "identity_schema_version": 0,
          "private": "bnVsbA==",
          "dependencies": [
            "aws_dynamodb_table.user_table",
            "aws_iam_policy.ddb_policy",
            "aws_iam_role.lambda_role"
          ]
        }
      ]
    },
    {
      "mode": "managed",
      "type": "aws_iam_role_policy_attachment",
      "name": "kms_attach",
      "provider": "provider[\"registry.terraform.io/hashicorp/aws\"]",
      "instances": [
        {
          "schema_version": 0,
          "attributes": {
            "id": "inferno-user-service-dev-lambda-role-20250910013753857800000001",
            "policy_arn": "arn:aws:iam::149078755102:policy/inferno-user-service-dev-kms-policy",
            "role": "inferno-user-service-dev-lambda-role"
          },
          "sensitive_attributes": [],
          "identity_schema_version": 0,
          "private": "bnVsbA==",
          "dependencies": [
            "aws_iam_policy.kms_policy",
            "aws_iam_role.lambda_role"
          ]
        }
      ]
    },
    {
      "mode": "managed",
      "type": "aws_iam_role_policy_attachment",
      "name": "lambda_logs",
      "provider": "provider[\"registry.terraform.io/hashicorp/aws\"]",
      "instances": [
        {
          "schema_version": 0,
          "attributes": {
            "id": "inferno-user-service-dev-lambda-role-20250907181514604600000002",
            "policy_arn": "arn:aws:iam::aws:policy/service-role/AWSLambdaBasicExecutionRole",
            "role": "inferno-user-service-dev-lambda-role"
          },
          "sensitive_attributes": [],
          "identity_schema_version": 0,
          "private": "bnVsbA==",
          "dependencies": [
            "aws_iam_role.lambda_role"
          ]
        }
      ]
    },
    {
      "mode": "managed",
      "type": "aws_iam_role_policy_attachment",
      "name": "s3_attach",
      "provider": "provider[\"registry.terraform.io/hashicorp/aws\"]",
      "instances": [
        {
          "schema_version": 0,
          "attributes": {
            "id": "inferno-user-service-dev-lambda-role-20250907205620152700000001",
            "policy_arn": "arn:aws:iam::149078755102:policy/inferno-user-service-dev-s3-policy",
            "role": "inferno-user-service-dev-lambda-role"
          },
          "sensitive_attributes": [],
          "identity_schema_version": 0,
          "private": "bnVsbA==",
          "dependencies": [
            "aws_iam_policy.s3_policy",
            "aws_iam_role.lambda_role",
            "aws_s3_bucket.avatars",
            "random_id.bucket_suffix"
          ]
        }
      ]
    },
    {
      "mode": "managed",
      "type": "aws_iam_role_policy_attachment",
      "name": "secrets_attach",
      "provider": "provider[\"registry.terraform.io/hashicorp/aws\"]",
      "instances": [
        {
          "schema_version": 0,
          "attributes": {
            "id": "inferno-user-service-dev-lambda-role-20250907181515174600000004",
            "policy_arn": "arn:aws:iam::149078755102:policy/inferno-user-service-dev-secrets-policy",
            "role": "inferno-user-service-dev-lambda-role"
          },
          "sensitive_attributes": [],
          "identity_schema_version": 0,
          "private": "bnVsbA==",
          "dependencies": [
            "aws_iam_policy.secrets_policy",
            "aws_iam_role.lambda_role",
            "aws_secretsmanager_secret.password_secret"
          ]
        }
      ]
    },
    {
      "mode": "managed",
      "type": "aws_iam_role_policy_attachment",
      "name": "sqs_attach",
      "provider": "provider[\"registry.terraform.io/hashicorp/aws\"]",
      "instances": [
        {
          "schema_version": 0,
          "attributes": {
            "id": "inferno-user-service-dev-lambda-role-20250909234007551300000001",
            "policy_arn": "arn:aws:iam::149078755102:policy/inferno-user-service-dev-sqs-policy",
            "role": "inferno-user-service-dev-lambda-role"
          },
          "sensitive_attributes": [],
          "identity_schema_version": 0,
          "private": "bnVsbA==",
          "dependencies": [
            "aws_iam_policy.sqs_policy",
            "aws_iam_role.lambda_role",
            "aws_sqs_queue.card_request_queue"
          ]
        }
      ]
    },
    {
      "mode": "managed",
      "type": "aws_lambda_function",
      "name": "get_profile",
      "provider": "provider[\"registry.terraform.io/hashicorp/aws\"]",
      "instances": [
        {
          "schema_version": 0,
          "attributes": {
            "architectures": [
              "x86_64"
            ],
            "arn": "arn:aws:lambda:us-west-1:149078755102:function:inferno-user-service-dev-get-profile",
            "code_sha256": "vCnGN46jb4pyUGymk2Ur7rH4CI+onIixPCj7OSPucL8=",
            "code_signing_config_arn": "",
            "dead_letter_config": [],
            "description": "",
            "environment": [
              {
                "variables": {
                  "BCRYPT_SALT_ROUNDS": "12",
                  "BUCKET_NAME": "inferno-user-service-dev-avatars-b0cea0",
                  "CARD_REQUEST_QUEUE_URL": "https://sqs.us-west-1.amazonaws.com/149078755102/inferno-user-service-dev-card-request-queue",
                  "JWT_EXP_HOURS": "12",
                  "SECRET_ID": "arn:aws:secretsmanager:us-west-1:149078755102:secret:inferno-user-service-dev-password-secret-v3-hJWzDI",
                  "TABLE_NAME": "inferno-user-service-dev-user-table"
                }
              }
            ],
            "ephemeral_storage": [
              {
                "size": 512
              }
            ],
            "file_system_config": [],
            "filename": "./artifacts/getProfile.zip",
            "function_name": "inferno-user-service-dev-get-profile",
            "handler": "getProfile.handler",
            "id": "inferno-user-service-dev-get-profile",
            "image_config": [],
            "image_uri": "",
            "invoke_arn": "arn:aws:apigateway:us-west-1:lambda:path/2015-03-31/functions/arn:aws:lambda:us-west-1:149078755102:function:inferno-user-service-dev-get-profile/invocations",
            "kms_key_arn": "",
            "last_modified": "2025-09-10T01:34:40.000+0000",
            "layers": [],
            "logging_config": [
              {
                "application_log_level": "",
                "log_format": "Text",
                "log_group": "/aws/lambda/inferno-user-service-dev-get-profile",
                "system_log_level": ""
              }
            ],
            "memory_size": 128,
            "package_type": "Zip",
            "publish": false,
            "qualified_arn": "arn:aws:lambda:us-west-1:149078755102:function:inferno-user-service-dev-get-profile:$LATEST",
            "qualified_invoke_arn": "arn:aws:apigateway:us-west-1:lambda:path/2015-03-31/functions/arn:aws:lambda:us-west-1:149078755102:function:inferno-user-service-dev-get-profile:$LATEST/invocations",
            "replace_security_groups_on_destroy": null,
            "replacement_security_group_ids": null,
            "reserved_concurrent_executions": -1,
            "role": "arn:aws:iam::149078755102:role/inferno-user-service-dev-lambda-role",
            "runtime": "nodejs20.x",
            "s3_bucket": null,
            "s3_key": null,
            "s3_object_version": null,
            "signing_job_arn": "",
            "signing_profile_version_arn": "",
            "skip_destroy": false,
            "snap_start": [],
            "source_code_hash": "vCnGN46jb4pyUGymk2Ur7rH4CI+onIixPCj7OSPucL8=",
            "source_code_size": 312524,
            "tags": {
              "Project": "inferno-user-service",
              "Stage": "dev"
            },
            "tags_all": {
              "Project": "inferno-user-service",
              "Stage": "dev"
            },
            "timeout": 10,
            "timeouts": null,
            "tracing_config": [
              {
                "mode": "PassThrough"
              }
            ],
            "version": "$LATEST",
            "vpc_config": []
          },
          "sensitive_attributes": [],
          "identity_schema_version": 0,
          "private": "eyJlMmJmYjczMC1lY2FhLTExZTYtOGY4OC0zNDM2M2JjN2M0YzAiOnsiY3JlYXRlIjo2MDAwMDAwMDAwMDAsImRlbGV0ZSI6NjAwMDAwMDAwMDAwLCJ1cGRhdGUiOjYwMDAwMDAwMDAwMH19",
          "dependencies": [
            "aws_dynamodb_table.user_table",
            "aws_iam_role.lambda_role",
            "aws_s3_bucket.avatars",
            "aws_secretsmanager_secret.password_secret",
            "aws_sqs_queue.card_request_queue",
            "data.archive_file.get_profile",
            "random_id.bucket_suffix"
          ]
        }
      ]
    },
    {
      "mode": "managed",
      "type": "aws_lambda_function",
      "name": "login",
      "provider": "provider[\"registry.terraform.io/hashicorp/aws\"]",
      "instances": [
        {
          "schema_version": 0,
          "attributes": {
            "architectures": [
              "x86_64"
            ],
            "arn": "arn:aws:lambda:us-west-1:149078755102:function:inferno-user-service-dev-login-user",
            "code_sha256": "+JsRH/japX9Gl7fOxJY/rJD44Ki49IY1rTobr+9uyF0=",
            "code_signing_config_arn": "",
            "dead_letter_config": [],
            "description": "",
            "environment": [
              {
                "variables": {
                  "BCRYPT_SALT_ROUNDS": "12",
                  "BUCKET_NAME": "inferno-user-service-dev-avatars-b0cea0",
                  "CARD_REQUEST_QUEUE_URL": "https://sqs.us-west-1.amazonaws.com/149078755102/inferno-user-service-dev-card-request-queue",
                  "JWT_EXP_HOURS": "12",
                  "SECRET_ID": "arn:aws:secretsmanager:us-west-1:149078755102:secret:inferno-user-service-dev-password-secret-v3-hJWzDI",
                  "TABLE_NAME": "inferno-user-service-dev-user-table"
                }
              }
            ],
            "ephemeral_storage": [
              {
                "size": 512
              }
            ],
            "file_system_config": [],
            "filename": "./artifacts/login.zip",
            "function_name": "inferno-user-service-dev-login-user",
            "handler": "login.handler",
            "id": "inferno-user-service-dev-login-user",
            "image_config": [],
            "image_uri": "",
            "invoke_arn": "arn:aws:apigateway:us-west-1:lambda:path/2015-03-31/functions/arn:aws:lambda:us-west-1:149078755102:function:inferno-user-service-dev-login-user/invocations",
            "kms_key_arn": "",
            "last_modified": "2025-09-10T01:34:40.000+0000",
            "layers": [],
            "logging_config": [
              {
                "application_log_level": "",
                "log_format": "Text",
                "log_group": "/aws/lambda/inferno-user-service-dev-login-user",
                "system_log_level": ""
              }
            ],
            "memory_size": 128,
            "package_type": "Zip",
            "publish": false,
            "qualified_arn": "arn:aws:lambda:us-west-1:149078755102:function:inferno-user-service-dev-login-user:$LATEST",
            "qualified_invoke_arn": "arn:aws:apigateway:us-west-1:lambda:path/2015-03-31/functions/arn:aws:lambda:us-west-1:149078755102:function:inferno-user-service-dev-login-user:$LATEST/invocations",
            "replace_security_groups_on_destroy": null,
            "replacement_security_group_ids": null,
            "reserved_concurrent_executions": -1,
            "role": "arn:aws:iam::149078755102:role/inferno-user-service-dev-lambda-role",
            "runtime": "nodejs20.x",
            "s3_bucket": null,
            "s3_key": null,
            "s3_object_version": null,
            "signing_job_arn": "",
            "signing_profile_version_arn": "",
            "skip_destroy": false,
            "snap_start": [],
            "source_code_hash": "+JsRH/japX9Gl7fOxJY/rJD44Ki49IY1rTobr+9uyF0=",
            "source_code_size": 412051,
            "tags": {
              "Project": "inferno-user-service",
              "Stage": "dev"
            },
            "tags_all": {
              "Project": "inferno-user-service",
              "Stage": "dev"
            },
            "timeout": 10,
            "timeouts": null,
            "tracing_config": [
              {
                "mode": "PassThrough"
              }
            ],
            "version": "$LATEST",
            "vpc_config": []
          },
          "sensitive_attributes": [],
          "identity_schema_version": 0,
          "private": "eyJlMmJmYjczMC1lY2FhLTExZTYtOGY4OC0zNDM2M2JjN2M0YzAiOnsiY3JlYXRlIjo2MDAwMDAwMDAwMDAsImRlbGV0ZSI6NjAwMDAwMDAwMDAwLCJ1cGRhdGUiOjYwMDAwMDAwMDAwMH19",
          "dependencies": [
            "aws_dynamodb_table.user_table",
            "aws_iam_role.lambda_role",
            "aws_s3_bucket.avatars",
            "aws_secretsmanager_secret.password_secret",
            "aws_sqs_queue.card_request_queue",
            "data.archive_file.login",
            "random_id.bucket_suffix"
          ]
        }
      ]
    },
    {
      "mode": "managed",
      "type": "aws_lambda_function",
      "name": "register",
      "provider": "provider[\"registry.terraform.io/hashicorp/aws\"]",
      "instances": [
        {
          "schema_version": 0,
          "attributes": {
            "architectures": [
              "x86_64"
            ],
            "arn": "arn:aws:lambda:us-west-1:149078755102:function:inferno-user-service-dev-register-user",
            "code_sha256": "8IsH0gmGQ93pjVa5xWb3QcdzZKKwcGGPzk6PsNkFTYE=",
            "code_signing_config_arn": "",
            "dead_letter_config": [],
            "description": "",
            "environment": [
              {
                "variables": {
                  "BCRYPT_SALT_ROUNDS": "12",
                  "BUCKET_NAME": "inferno-user-service-dev-avatars-b0cea0",
                  "CARD_REQUEST_QUEUE_URL": "https://sqs.us-west-1.amazonaws.com/149078755102/inferno-user-service-dev-card-request-queue",
                  "JWT_EXP_HOURS": "12",
                  "SECRET_ID": "arn:aws:secretsmanager:us-west-1:149078755102:secret:inferno-user-service-dev-password-secret-v3-hJWzDI",
                  "TABLE_NAME": "inferno-user-service-dev-user-table"
                }
              }
            ],
            "ephemeral_storage": [
              {
                "size": 512
              }
            ],
            "file_system_config": [],
            "filename": "./artifacts/register.zip",
            "function_name": "inferno-user-service-dev-register-user",
            "handler": "register.handler",
            "id": "inferno-user-service-dev-register-user",
            "image_config": [],
            "image_uri": "",
            "invoke_arn": "arn:aws:apigateway:us-west-1:lambda:path/2015-03-31/functions/arn:aws:lambda:us-west-1:149078755102:function:inferno-user-service-dev-register-user/invocations",
            "kms_key_arn": "",
            "last_modified": "2025-09-10T01:34:40.000+0000",
            "layers": [],
            "logging_config": [
              {
                "application_log_level": "",
                "log_format": "Text",
                "log_group": "/aws/lambda/inferno-user-service-dev-register-user",
                "system_log_level": ""
              }
            ],
            "memory_size": 128,
            "package_type": "Zip",
            "publish": false,
            "qualified_arn": "arn:aws:lambda:us-west-1:149078755102:function:inferno-user-service-dev-register-user:$LATEST",
            "qualified_invoke_arn": "arn:aws:apigateway:us-west-1:lambda:path/2015-03-31/functions/arn:aws:lambda:us-west-1:149078755102:function:inferno-user-service-dev-register-user:$LATEST/invocations",
            "replace_security_groups_on_destroy": null,
            "replacement_security_group_ids": null,
            "reserved_concurrent_executions": -1,
            "role": "arn:aws:iam::149078755102:role/inferno-user-service-dev-lambda-role",
            "runtime": "nodejs20.x",
            "s3_bucket": null,
            "s3_key": null,
            "s3_object_version": null,
            "signing_job_arn": "",
            "signing_profile_version_arn": "",
            "skip_destroy": false,
            "snap_start": [],
            "source_code_hash": "8IsH0gmGQ93pjVa5xWb3QcdzZKKwcGGPzk6PsNkFTYE=",
            "source_code_size": 457240,
            "tags": {
              "Project": "inferno-user-service",
              "Stage": "dev"
            },
            "tags_all": {
              "Project": "inferno-user-service",
              "Stage": "dev"
            },
            "timeout": 10,
            "timeouts": null,
            "tracing_config": [
              {
                "mode": "PassThrough"
              }
            ],
            "version": "$LATEST",
            "vpc_config": []
          },
          "sensitive_attributes": [],
          "identity_schema_version": 0,
          "private": "eyJlMmJmYjczMC1lY2FhLTExZTYtOGY4OC0zNDM2M2JjN2M0YzAiOnsiY3JlYXRlIjo2MDAwMDAwMDAwMDAsImRlbGV0ZSI6NjAwMDAwMDAwMDAwLCJ1cGRhdGUiOjYwMDAwMDAwMDAwMH19",
          "dependencies": [
            "aws_dynamodb_table.user_table",
            "aws_iam_role.lambda_role",
            "aws_s3_bucket.avatars",
            "aws_secretsmanager_secret.password_secret",
            "aws_sqs_queue.card_request_queue",
            "data.archive_file.register",
            "random_id.bucket_suffix"
          ]
        }
      ]
    },
    {
      "mode": "managed",
      "type": "aws_lambda_function",
      "name": "updateProfile",
      "provider": "provider[\"registry.terraform.io/hashicorp/aws\"]",
      "instances": [
        {
          "schema_version": 0,
          "attributes": {
            "architectures": [
              "x86_64"
            ],
            "arn": "arn:aws:lambda:us-west-1:149078755102:function:inferno-user-service-dev-update-profile",
            "code_sha256": "17iHKXEqknfoufHaIAZ/cuHrtoGCkRUUd5Cq6wUjfGs=",
            "code_signing_config_arn": "",
            "dead_letter_config": [],
            "description": "",
            "environment": [
              {
                "variables": {
                  "BCRYPT_SALT_ROUNDS": "12",
                  "BUCKET_NAME": "inferno-user-service-dev-avatars-b0cea0",
                  "CARD_REQUEST_QUEUE_URL": "https://sqs.us-west-1.amazonaws.com/149078755102/inferno-user-service-dev-card-request-queue",
                  "JWT_EXP_HOURS": "12",
                  "SECRET_ID": "arn:aws:secretsmanager:us-west-1:149078755102:secret:inferno-user-service-dev-password-secret-v3-hJWzDI",
                  "TABLE_NAME": "inferno-user-service-dev-user-table"
                }
              }
            ],
            "ephemeral_storage": [
              {
                "size": 512
              }
            ],
            "file_system_config": [],
            "filename": "./artifacts/updateProfile.zip",
            "function_name": "inferno-user-service-dev-update-profile",
            "handler": "updateProfile.handler",
            "id": "inferno-user-service-dev-update-profile",
            "image_config": [],
            "image_uri": "",
            "invoke_arn": "arn:aws:apigateway:us-west-1:lambda:path/2015-03-31/functions/arn:aws:lambda:us-west-1:149078755102:function:inferno-user-service-dev-update-profile/invocations",
            "kms_key_arn": "",
            "last_modified": "2025-09-10T01:34:40.000+0000",
            "layers": [],
            "logging_config": [
              {
                "application_log_level": "",
                "log_format": "Text",
                "log_group": "/aws/lambda/inferno-user-service-dev-update-profile",
                "system_log_level": ""
              }
            ],
            "memory_size": 128,
            "package_type": "Zip",
            "publish": false,
            "qualified_arn": "arn:aws:lambda:us-west-1:149078755102:function:inferno-user-service-dev-update-profile:$LATEST",
            "qualified_invoke_arn": "arn:aws:apigateway:us-west-1:lambda:path/2015-03-31/functions/arn:aws:lambda:us-west-1:149078755102:function:inferno-user-service-dev-update-profile:$LATEST/invocations",
            "replace_security_groups_on_destroy": null,
            "replacement_security_group_ids": null,
            "reserved_concurrent_executions": -1,
            "role": "arn:aws:iam::149078755102:role/inferno-user-service-dev-lambda-role",
            "runtime": "nodejs20.x",
            "s3_bucket": null,
            "s3_key": null,
            "s3_object_version": null,
            "signing_job_arn": "",
            "signing_profile_version_arn": "",
            "skip_destroy": false,
            "snap_start": [],
            "source_code_hash": "17iHKXEqknfoufHaIAZ/cuHrtoGCkRUUd5Cq6wUjfGs=",
            "source_code_size": 376751,
            "tags": {
              "Project": "inferno-user-service",
              "Stage": "dev"
            },
            "tags_all": {
              "Project": "inferno-user-service",
              "Stage": "dev"
            },
            "timeout": 10,
            "timeouts": null,
            "tracing_config": [
              {
                "mode": "PassThrough"
              }
            ],
            "version": "$LATEST",
            "vpc_config": []
          },
          "sensitive_attributes": [],
          "identity_schema_version": 0,
          "private": "eyJlMmJmYjczMC1lY2FhLTExZTYtOGY4OC0zNDM2M2JjN2M0YzAiOnsiY3JlYXRlIjo2MDAwMDAwMDAwMDAsImRlbGV0ZSI6NjAwMDAwMDAwMDAwLCJ1cGRhdGUiOjYwMDAwMDAwMDAwMH19",
          "dependencies": [
            "aws_dynamodb_table.user_table",
            "aws_iam_role.lambda_role",
            "aws_s3_bucket.avatars",
            "aws_secretsmanager_secret.password_secret",
            "aws_sqs_queue.card_request_queue",
            "data.archive_file.updateProfile",
            "random_id.bucket_suffix"
          ]
        }
      ]
    },
    {
      "mode": "managed",
      "type": "aws_lambda_function",
      "name": "upload_avatar",
      "provider": "provider[\"registry.terraform.io/hashicorp/aws\"]",
      "instances": [
        {
          "schema_version": 0,
          "attributes": {
            "architectures": [
              "x86_64"
            ],
            "arn": "arn:aws:lambda:us-west-1:149078755102:function:inferno-user-service-dev-upload-avatar",
            "code_sha256": "i7GkaFArEZQiQHcGKlwgR7CmBB/nYzlS76klR2bHkjo=",
            "code_signing_config_arn": "",
            "dead_letter_config": [],
            "description": "",
            "environment": [
              {
                "variables": {
                  "BCRYPT_SALT_ROUNDS": "12",
                  "BUCKET_NAME": "inferno-user-service-dev-avatars-b0cea0",
                  "CARD_REQUEST_QUEUE_URL": "https://sqs.us-west-1.amazonaws.com/149078755102/inferno-user-service-dev-card-request-queue",
                  "JWT_EXP_HOURS": "12",
                  "SECRET_ID": "arn:aws:secretsmanager:us-west-1:149078755102:secret:inferno-user-service-dev-password-secret-v3-hJWzDI",
                  "TABLE_NAME": "inferno-user-service-dev-user-table"
                }
              }
            ],
            "ephemeral_storage": [
              {
                "size": 512
              }
            ],
            "file_system_config": [],
            "filename": "./artifacts/uploadAvatar.zip",
            "function_name": "inferno-user-service-dev-upload-avatar",
            "handler": "uploadAvatar.handler",
            "id": "inferno-user-service-dev-upload-avatar",
            "image_config": [],
            "image_uri": "",
            "invoke_arn": "arn:aws:apigateway:us-west-1:lambda:path/2015-03-31/functions/arn:aws:lambda:us-west-1:149078755102:function:inferno-user-service-dev-upload-avatar/invocations",
            "kms_key_arn": "",
            "last_modified": "2025-09-10T01:34:46.000+0000",
            "layers": [],
            "logging_config": [
              {
                "application_log_level": "",
                "log_format": "Text",
                "log_group": "/aws/lambda/inferno-user-service-dev-upload-avatar",
                "system_log_level": ""
              }
            ],
            "memory_size": 128,
            "package_type": "Zip",
            "publish": false,
            "qualified_arn": "arn:aws:lambda:us-west-1:149078755102:function:inferno-user-service-dev-upload-avatar:$LATEST",
            "qualified_invoke_arn": "arn:aws:apigateway:us-west-1:lambda:path/2015-03-31/functions/arn:aws:lambda:us-west-1:149078755102:function:inferno-user-service-dev-upload-avatar:$LATEST/invocations",
            "replace_security_groups_on_destroy": null,
            "replacement_security_group_ids": null,
            "reserved_concurrent_executions": -1,
            "role": "arn:aws:iam::149078755102:role/inferno-user-service-dev-lambda-role",
            "runtime": "nodejs20.x",
            "s3_bucket": null,
            "s3_key": null,
            "s3_object_version": null,
            "signing_job_arn": "",
            "signing_profile_version_arn": "",
            "skip_destroy": false,
            "snap_start": [],
            "source_code_hash": "i7GkaFArEZQiQHcGKlwgR7CmBB/nYzlS76klR2bHkjo=",
            "source_code_size": 377559,
            "tags": {
              "Project": "inferno-user-service",
              "Stage": "dev"
            },
            "tags_all": {
              "Project": "inferno-user-service",
              "Stage": "dev"
            },
            "timeout": 10,
            "timeouts": null,
            "tracing_config": [
              {
                "mode": "PassThrough"
              }
            ],
            "version": "$LATEST",
            "vpc_config": []
          },
          "sensitive_attributes": [],
          "identity_schema_version": 0,
          "private": "eyJlMmJmYjczMC1lY2FhLTExZTYtOGY4OC0zNDM2M2JjN2M0YzAiOnsiY3JlYXRlIjo2MDAwMDAwMDAwMDAsImRlbGV0ZSI6NjAwMDAwMDAwMDAwLCJ1cGRhdGUiOjYwMDAwMDAwMDAwMH19",
          "dependencies": [
            "aws_dynamodb_table.user_table",
            "aws_iam_role.lambda_role",
            "aws_s3_bucket.avatars",
            "aws_secretsmanager_secret.password_secret",
            "aws_sqs_queue.card_request_queue",
            "data.archive_file.upload_avatar",
            "random_id.bucket_suffix"
          ]
        }
      ]
    },
    {
      "mode": "managed",
      "type": "aws_lambda_permission",
      "name": "allow_apigw_get",
      "provider": "provider[\"registry.terraform.io/hashicorp/aws\"]",
      "instances": [
        {
          "schema_version": 0,
          "attributes": {
            "action": "lambda:InvokeFunction",
            "event_source_token": null,
            "function_name": "inferno-user-service-dev-get-profile",
            "function_url_auth_type": null,
            "id": "terraform-20250909231942380000000001",
            "principal": "apigateway.amazonaws.com",
            "principal_org_id": null,
            "qualifier": "",
            "source_account": null,
            "source_arn": "arn:aws:execute-api:us-west-1:149078755102:m9ugzkc15h/*/*/*",
            "statement_id": "terraform-20250909231942380000000001",
            "statement_id_prefix": "terraform-"
          },
          "sensitive_attributes": [],
          "identity_schema_version": 0,
          "private": "bnVsbA==",
          "dependencies": [
            "aws_dynamodb_table.user_table",
            "aws_iam_role.lambda_role",
            "aws_lambda_function.get_profile",
            "aws_s3_bucket.avatars",
            "aws_secretsmanager_secret.password_secret",
            "aws_sqs_queue.card_request_queue",
            "data.archive_file.get_profile",
            "random_id.bucket_suffix"
          ]
        }
      ]
    },
    {
      "mode": "managed",
      "type": "aws_lambda_permission",
      "name": "allow_apigw_login",
      "provider": "provider[\"registry.terraform.io/hashicorp/aws\"]",
      "instances": [
        {
          "schema_version": 0,
          "attributes": {
            "action": "lambda:InvokeFunction",
            "event_source_token": null,
            "function_name": "inferno-user-service-dev-login-user",
            "function_url_auth_type": null,
            "id": "terraform-20250909232113066600000001",
            "principal": "apigateway.amazonaws.com",
            "principal_org_id": null,
            "qualifier": "",
            "source_account": null,
            "source_arn": "arn:aws:execute-api:us-west-1:149078755102:m9ugzkc15h/*/*/*",
            "statement_id": "terraform-20250909232113066600000001",
            "statement_id_prefix": "terraform-"
          },
          "sensitive_attributes": [],
          "identity_schema_version": 0,
          "private": "bnVsbA==",
          "dependencies": [
            "aws_dynamodb_table.user_table",
            "aws_iam_role.lambda_role",
            "aws_lambda_function.login",
            "aws_s3_bucket.avatars",
            "aws_secretsmanager_secret.password_secret",
            "aws_sqs_queue.card_request_queue",
            "data.archive_file.login",
            "random_id.bucket_suffix"
          ]
        }
      ]
    },
    {
      "mode": "managed",
      "type": "aws_lambda_permission",
      "name": "allow_apigw_register",
      "provider": "provider[\"registry.terraform.io/hashicorp/aws\"]",
      "instances": [
        {
          "schema_version": 0,
          "attributes": {
            "action": "lambda:InvokeFunction",
            "event_source_token": null,
            "function_name": "inferno-user-service-dev-register-user",
            "function_url_auth_type": null,
            "id": "terraform-20250909232113066600000002",
            "principal": "apigateway.amazonaws.com",
            "principal_org_id": null,
            "qualifier": "",
            "source_account": null,
            "source_arn": "arn:aws:execute-api:us-west-1:149078755102:m9ugzkc15h/*/*/*",
            "statement_id": "terraform-20250909232113066600000002",
            "statement_id_prefix": "terraform-"
          },
          "sensitive_attributes": [],
          "identity_schema_version": 0,
          "private": "bnVsbA==",
          "dependencies": [
            "aws_dynamodb_table.user_table",
            "aws_iam_role.lambda_role",
            "aws_lambda_function.register",
            "aws_s3_bucket.avatars",
            "aws_secretsmanager_secret.password_secret",
            "aws_sqs_queue.card_request_queue",
            "data.archive_file.register",
            "random_id.bucket_suffix"
          ]
        }
      ]
    },
    {
      "mode": "managed",
      "type": "aws_lambda_permission",
      "name": "allow_apigw_update",
      "provider": "provider[\"registry.terraform.io/hashicorp/aws\"]",
      "instances": [
        {
          "schema_version": 0,
          "attributes": {
            "action": "lambda:InvokeFunction",
            "event_source_token": null,
            "function_name": "inferno-user-service-dev-update-profile",
            "function_url_auth_type": null,
            "id": "terraform-20250909231955742200000003",
            "principal": "apigateway.amazonaws.com",
            "principal_org_id": null,
            "qualifier": "",
            "source_account": null,
            "source_arn": "arn:aws:execute-api:us-west-1:149078755102:m9ugzkc15h/*/*/*",
            "statement_id": "terraform-20250909231955742200000003",
            "statement_id_prefix": "terraform-"
          },
          "sensitive_attributes": [],
          "identity_schema_version": 0,
          "private": "bnVsbA==",
          "dependencies": [
            "aws_dynamodb_table.user_table",
            "aws_iam_role.lambda_role",
            "aws_lambda_function.updateProfile",
            "aws_s3_bucket.avatars",
            "aws_secretsmanager_secret.password_secret",
            "aws_sqs_queue.card_request_queue",
            "data.archive_file.updateProfile",
            "random_id.bucket_suffix"
          ]
        }
      ]
    },
    {
      "mode": "managed",
      "type": "aws_lambda_permission",
      "name": "allow_apigw_upload",
      "provider": "provider[\"registry.terraform.io/hashicorp/aws\"]",
      "instances": [
        {
          "schema_version": 0,
          "attributes": {
            "action": "lambda:InvokeFunction",
            "event_source_token": null,
            "function_name": "inferno-user-service-dev-upload-avatar",
            "function_url_auth_type": null,
            "id": "terraform-20250909231949095900000002",
            "principal": "apigateway.amazonaws.com",
            "principal_org_id": null,
            "qualifier": "",
            "source_account": null,
            "source_arn": "arn:aws:execute-api:us-west-1:149078755102:m9ugzkc15h/*/*/*",
            "statement_id": "terraform-20250909231949095900000002",
            "statement_id_prefix": "terraform-"
          },
          "sensitive_attributes": [],
          "identity_schema_version": 0,
          "private": "bnVsbA==",
          "dependencies": [
            "aws_dynamodb_table.user_table",
            "aws_iam_role.lambda_role",
            "aws_lambda_function.upload_avatar",
            "aws_s3_bucket.avatars",
            "aws_secretsmanager_secret.password_secret",
            "aws_sqs_queue.card_request_queue",
            "data.archive_file.upload_avatar",
            "random_id.bucket_suffix"
          ]
        }
      ]
    },
    {
      "mode": "managed",
      "type": "aws_s3_bucket",
      "name": "avatars",
      "provider": "provider[\"registry.terraform.io/hashicorp/aws\"]",
      "instances": [
        {
          "schema_version": 0,
          "attributes": {
            "acceleration_status": "",
            "acl": null,
            "arn": "arn:aws:s3:::inferno-user-service-dev-avatars-b0cea0",
            "bucket": "inferno-user-service-dev-avatars-b0cea0",
            "bucket_domain_name": "inferno-user-service-dev-avatars-b0cea0.s3.amazonaws.com",
            "bucket_prefix": "",
            "bucket_regional_domain_name": "inferno-user-service-dev-avatars-b0cea0.s3.us-west-1.amazonaws.com",
            "cors_rule": [],
            "force_destroy": false,
            "grant": [
              {
                "id": "74ce86af95bff627b71b6d0bbd2a80f3be67cc8bf70e96afe2a9b751821cc92d",
                "permissions": [
                  "FULL_CONTROL"
                ],
                "type": "CanonicalUser",
                "uri": ""
              }
            ],
            "hosted_zone_id": "Z2F56UZL2M1ACD",
            "id": "inferno-user-service-dev-avatars-b0cea0",
            "lifecycle_rule": [],
            "logging": [],
            "object_lock_configuration": [],
            "object_lock_enabled": false,
            "policy": "",
            "region": "us-west-1",
            "replication_configuration": [],
            "request_payer": "BucketOwner",
            "server_side_encryption_configuration": [
              {
                "rule": [
                  {
                    "apply_server_side_encryption_by_default": [
                      {
                        "kms_master_key_id": "",
                        "sse_algorithm": "AES256"
                      }
                    ],
                    "bucket_key_enabled": false
                  }
                ]
              }
            ],
            "tags": {
              "Project": "inferno-user-service",
              "Stage": "dev"
            },
            "tags_all": {
              "Project": "inferno-user-service",
              "Stage": "dev"
            },
            "timeouts": null,
            "versioning": [
              {
                "enabled": false,
                "mfa_delete": false
              }
            ],
            "website": [],
            "website_domain": null,
            "website_endpoint": null
          },
          "sensitive_attributes": [],
          "identity_schema_version": 0,
          "private": "eyJlMmJmYjczMC1lY2FhLTExZTYtOGY4OC0zNDM2M2JjN2M0YzAiOnsiY3JlYXRlIjoxMjAwMDAwMDAwMDAwLCJkZWxldGUiOjM2MDAwMDAwMDAwMDAsInJlYWQiOjEyMDAwMDAwMDAwMDAsInVwZGF0ZSI6MTIwMDAwMDAwMDAwMH19",
          "dependencies": [
            "random_id.bucket_suffix"
          ]
        }
      ]
    },
    {
      "mode": "managed",
      "type": "aws_s3_bucket_public_access_block",
      "name": "avatars_block",
      "provider": "provider[\"registry.terraform.io/hashicorp/aws\"]",
      "instances": [
        {
          "schema_version": 0,
          "attributes": {
            "block_public_acls": true,
            "block_public_policy": true,
            "bucket": "inferno-user-service-dev-avatars-b0cea0",
            "id": "inferno-user-service-dev-avatars-b0cea0",
            "ignore_public_acls": true,
            "restrict_public_buckets": true
          },
          "sensitive_attributes": [],
          "identity_schema_version": 0,
          "private": "bnVsbA==",
          "dependencies": [
            "aws_s3_bucket.avatars",
            "random_id.bucket_suffix"
          ]
        }
      ]
    },
    {
      "mode": "managed",
      "type": "aws_secretsmanager_secret",
      "name": "password_secret",
      "provider": "provider[\"registry.terraform.io/hashicorp/aws\"]",
      "instances": [
        {
          "schema_version": 0,
          "attributes": {
            "arn": "arn:aws:secretsmanager:us-west-1:149078755102:secret:inferno-user-service-dev-password-secret-v3-hJWzDI",
            "description": "JWT secret + optional pepper",
            "force_overwrite_replica_secret": false,
            "id": "arn:aws:secretsmanager:us-west-1:149078755102:secret:inferno-user-service-dev-password-secret-v3-hJWzDI",
            "kms_key_id": "",
            "name": "inferno-user-service-dev-password-secret-v3",
            "name_prefix": "",
            "policy": "",
            "recovery_window_in_days": 30,
            "replica": [],
            "tags": {
              "Project": "inferno-user-service",
              "Stage": "dev"
            },
            "tags_all": {
              "Project": "inferno-user-service",
              "Stage": "dev"
            }
          },
          "sensitive_attributes": [],
          "identity_schema_version": 0,
          "private": "bnVsbA=="
        }
      ]
    },
    {
      "mode": "managed",
      "type": "aws_secretsmanager_secret_version",
      "name": "password_secret_v",
      "provider": "provider[\"registry.terraform.io/hashicorp/aws\"]",
      "instances": [
        {
          "schema_version": 0,
          "attributes": {
            "arn": "arn:aws:secretsmanager:us-west-1:149078755102:secret:inferno-user-service-dev-password-secret-v3-hJWzDI",
            "has_secret_string_wo": null,
            "id": "arn:aws:secretsmanager:us-west-1:149078755102:secret:inferno-user-service-dev-password-secret-v3-hJWzDI|terraform-20250910013439708200000002",
            "secret_binary": "",
            "secret_id": "arn:aws:secretsmanager:us-west-1:149078755102:secret:inferno-user-service-dev-password-secret-v3-hJWzDI",
            "secret_string": "{\"JWT_SECRET\":\"distribucion2025\",\"PEPPER\":null}",
            "secret_string_wo": null,
            "secret_string_wo_version": null,
            "version_id": "terraform-20250910013439708200000002",
            "version_stages": [
              "AWSCURRENT"
            ]
          },
          "sensitive_attributes": [
            [
              {
                "type": "get_attr",
                "value": "secret_binary"
              }
            ],
            [
              {
                "type": "get_attr",
                "value": "secret_string"
              }
            ],
            [
              {
                "type": "get_attr",
                "value": "secret_string_wo"
              }
            ]
          ],
          "identity_schema_version": 0,
          "private": "bnVsbA==",
          "dependencies": [
            "aws_secretsmanager_secret.password_secret"
          ]
        }
      ]
    },
    {
      "mode": "managed",
      "type": "aws_sqs_queue",
      "name": "card_request_queue",
      "provider": "provider[\"registry.terraform.io/hashicorp/aws\"]",
      "instances": [
        {
          "schema_version": 0,
          "attributes": {
            "arn": "arn:aws:sqs:us-west-1:149078755102:inferno-user-service-dev-card-request-queue",
            "content_based_deduplication": false,
            "deduplication_scope": "",
            "delay_seconds": 0,
            "fifo_queue": false,
            "fifo_throughput_limit": "",
            "id": "https://sqs.us-west-1.amazonaws.com/149078755102/inferno-user-service-dev-card-request-queue",
            "kms_data_key_reuse_period_seconds": 300,
            "kms_master_key_id": "",
            "max_message_size": 262144,
            "message_retention_seconds": 86400,
            "name": "inferno-user-service-dev-card-request-queue",
            "name_prefix": "",
            "policy": "",
            "receive_wait_time_seconds": 0,
            "redrive_allow_policy": "",
            "redrive_policy": "",
            "sqs_managed_sse_enabled": true,
            "tags": {
              "Project": "inferno-user-service",
              "Stage": "dev"
            },
            "tags_all": {
              "Project": "inferno-user-service",
              "Stage": "dev"
            },
            "timeouts": null,
            "url": "https://sqs.us-west-1.amazonaws.com/149078755102/inferno-user-service-dev-card-request-queue",
            "visibility_timeout_seconds": 30
          },
          "sensitive_attributes": [],
          "identity_schema_version": 0,
          "private": "eyJlMmJmYjczMC1lY2FhLTExZTYtOGY4OC0zNDM2M2JjN2M0YzAiOnsiY3JlYXRlIjoxODAwMDAwMDAwMDAsImRlbGV0ZSI6MTgwMDAwMDAwMDAwLCJ1cGRhdGUiOjE4MDAwMDAwMDAwMH19"
        }
      ]
    },
    {
      "mode": "managed",
      "type": "random_id",
      "name": "bucket_suffix",
      "provider": "provider[\"registry.terraform.io/hashicorp/random\"]",
      "instances": [
        {
          "schema_version": 0,
          "attributes": {
            "b64_std": "sM6g",
            "b64_url": "sM6g",
            "byte_length": 3,
            "dec": "11587232",
            "hex": "b0cea0",
            "id": "sM6g",
            "keepers": null,
            "prefix": null
          },
          "sensitive_attributes": [],
          "identity_schema_version": 0
        }
      ]
    }
  ],
  "check_results": null
}
